// !$*UTF8*$!
{
	archiveVersion = 1;
	classes = {
	};
	objectVersion = 46;
	objects = {

/* Begin PBXBuildFile section */
		575B25B619BA7E0E008AFA4F /* Foundation.framework in Frameworks */ = {isa = PBXBuildFile; fileRef = 575B25B519BA7E0E008AFA4F /* Foundation.framework */; };
		575B25B819BA7E0E008AFA4F /* CoreGraphics.framework in Frameworks */ = {isa = PBXBuildFile; fileRef = 575B25B719BA7E0E008AFA4F /* CoreGraphics.framework */; };
		575B25BA19BA7E0E008AFA4F /* UIKit.framework in Frameworks */ = {isa = PBXBuildFile; fileRef = 575B25B919BA7E0E008AFA4F /* UIKit.framework */; };
		575B25C019BA7E0E008AFA4F /* InfoPlist.strings in Resources */ = {isa = PBXBuildFile; fileRef = 575B25BE19BA7E0E008AFA4F /* InfoPlist.strings */; };
		575B25C219BA7E0E008AFA4F /* main.m in Sources */ = {isa = PBXBuildFile; fileRef = 575B25C119BA7E0E008AFA4F /* main.m */; };
		575B25C619BA7E0E008AFA4F /* AppDelegate.m in Sources */ = {isa = PBXBuildFile; fileRef = 575B25C519BA7E0E008AFA4F /* AppDelegate.m */; };
		575B25C919BA7E0F008AFA4F /* Main.storyboard in Resources */ = {isa = PBXBuildFile; fileRef = 575B25C719BA7E0F008AFA4F /* Main.storyboard */; };
		575B25CC19BA7E0F008AFA4F /* MasterViewController.m in Sources */ = {isa = PBXBuildFile; fileRef = 575B25CB19BA7E0F008AFA4F /* MasterViewController.m */; };
		575B25CF19BA7E0F008AFA4F /* DetailViewController.m in Sources */ = {isa = PBXBuildFile; fileRef = 575B25CE19BA7E0F008AFA4F /* DetailViewController.m */; };
		575B25D119BA7E0F008AFA4F /* Images.xcassets in Resources */ = {isa = PBXBuildFile; fileRef = 575B25D019BA7E0F008AFA4F /* Images.xcassets */; };
		575B25D819BA7E0F008AFA4F /* XCTest.framework in Frameworks */ = {isa = PBXBuildFile; fileRef = 575B25D719BA7E0F008AFA4F /* XCTest.framework */; };
		575B25D919BA7E0F008AFA4F /* Foundation.framework in Frameworks */ = {isa = PBXBuildFile; fileRef = 575B25B519BA7E0E008AFA4F /* Foundation.framework */; };
		575B25DA19BA7E0F008AFA4F /* UIKit.framework in Frameworks */ = {isa = PBXBuildFile; fileRef = 575B25B919BA7E0E008AFA4F /* UIKit.framework */; };
		575B25E219BA7E0F008AFA4F /* InfoPlist.strings in Resources */ = {isa = PBXBuildFile; fileRef = 575B25E019BA7E0F008AFA4F /* InfoPlist.strings */; };
		575B25E419BA7E0F008AFA4F /* AppSplitViewTests.m in Sources */ = {isa = PBXBuildFile; fileRef = 575B25E319BA7E0F008AFA4F /* AppSplitViewTests.m */; };
		575B25F819BA7E7D008AFA4F /* 10.jpg in Resources */ = {isa = PBXBuildFile; fileRef = 575B25EE19BA7E7D008AFA4F /* 10.jpg */; };
		575B25F919BA7E7D008AFA4F /* 108.jpg in Resources */ = {isa = PBXBuildFile; fileRef = 575B25EF19BA7E7D008AFA4F /* 108.jpg */; };
		575B25FA19BA7E7D008AFA4F /* 110.jpg in Resources */ = {isa = PBXBuildFile; fileRef = 575B25F019BA7E7D008AFA4F /* 110.jpg */; };
		575B25FB19BA7E7D008AFA4F /* 113.jpg in Resources */ = {isa = PBXBuildFile; fileRef = 575B25F119BA7E7D008AFA4F /* 113.jpg */; };
		575B25FC19BA7E7D008AFA4F /* 115.jpg in Resources */ = {isa = PBXBuildFile; fileRef = 575B25F219BA7E7D008AFA4F /* 115.jpg */; };
		575B25FD19BA7E7D008AFA4F /* 25.jpg in Resources */ = {isa = PBXBuildFile; fileRef = 575B25F319BA7E7D008AFA4F /* 25.jpg */; };
		575B25FE19BA7E7D008AFA4F /* 4.jpg in Resources */ = {isa = PBXBuildFile; fileRef = 575B25F419BA7E7D008AFA4F /* 4.jpg */; };
		575B25FF19BA7E7D008AFA4F /* 46.jpg in Resources */ = {isa = PBXBuildFile; fileRef = 575B25F519BA7E7D008AFA4F /* 46.jpg */; };
		575B260019BA7E7D008AFA4F /* 6.jpg in Resources */ = {isa = PBXBuildFile; fileRef = 575B25F619BA7E7D008AFA4F /* 6.jpg */; };
		575B260119BA7E7D008AFA4F /* ListaCompositores.plist in Resources */ = {isa = PBXBuildFile; fileRef = 575B25F719BA7E7D008AFA4F /* ListaCompositores.plist */; };
/* End PBXBuildFile section */

/* Begin PBXContainerItemProxy section */
		575B25DB19BA7E0F008AFA4F /* PBXContainerItemProxy */ = {
			isa = PBXContainerItemProxy;
			containerPortal = 575B25AA19BA7E0E008AFA4F /* Project object */;
			proxyType = 1;
			remoteGlobalIDString = 575B25B119BA7E0E008AFA4F;
			remoteInfo = AppSplitView;
		};
/* End PBXContainerItemProxy section */

/* Begin PBXFileReference section */
		575B25B219BA7E0E008AFA4F /* AppSplitView.app */ = {isa = PBXFileReference; explicitFileType = wrapper.application; includeInIndex = 0; path = AppSplitView.app; sourceTree = BUILT_PRODUCTS_DIR; };
		575B25B519BA7E0E008AFA4F /* Foundation.framework */ = {isa = PBXFileReference; lastKnownFileType = wrapper.framework; name = Foundation.framework; path = System/Library/Frameworks/Foundation.framework; sourceTree = SDKROOT; };
		575B25B719BA7E0E008AFA4F /* CoreGraphics.framework */ = {isa = PBXFileReference; lastKnownFileType = wrapper.framework; name = CoreGraphics.framework; path = System/Library/Frameworks/CoreGraphics.framework; sourceTree = SDKROOT; };
		575B25B919BA7E0E008AFA4F /* UIKit.framework */ = {isa = PBXFileReference; lastKnownFileType = wrapper.framework; name = UIKit.framework; path = System/Library/Frameworks/UIKit.framework; sourceTree = SDKROOT; };
		575B25BD19BA7E0E008AFA4F /* AppSplitView-Info.plist */ = {isa = PBXFileReference; lastKnownFileType = text.plist.xml; path = "AppSplitView-Info.plist"; sourceTree = "<group>"; };
		575B25BF19BA7E0E008AFA4F /* en */ = {isa = PBXFileReference; lastKnownFileType = text.plist.strings; name = en; path = en.lproj/InfoPlist.strings; sourceTree = "<group>"; };
		575B25C119BA7E0E008AFA4F /* main.m */ = {isa = PBXFileReference; lastKnownFileType = sourcecode.c.objc; path = main.m; sourceTree = "<group>"; };
		575B25C319BA7E0E008AFA4F /* AppSplitView-Prefix.pch */ = {isa = PBXFileReference; lastKnownFileType = sourcecode.c.h; path = "AppSplitView-Prefix.pch"; sourceTree = "<group>"; };
		575B25C419BA7E0E008AFA4F /* AppDelegate.h */ = {isa = PBXFileReference; lastKnownFileType = sourcecode.c.h; path = AppDelegate.h; sourceTree = "<group>"; };
		575B25C519BA7E0E008AFA4F /* AppDelegate.m */ = {isa = PBXFileReference; lastKnownFileType = sourcecode.c.objc; path = AppDelegate.m; sourceTree = "<group>"; };
		575B25C819BA7E0F008AFA4F /* Base */ = {isa = PBXFileReference; lastKnownFileType = file.storyboard; name = Base; path = Base.lproj/Main.storyboard; sourceTree = "<group>"; };
		575B25CA19BA7E0F008AFA4F /* MasterViewController.h */ = {isa = PBXFileReference; lastKnownFileType = sourcecode.c.h; path = MasterViewController.h; sourceTree = "<group>"; };
		575B25CB19BA7E0F008AFA4F /* MasterViewController.m */ = {isa = PBXFileReference; lastKnownFileType = sourcecode.c.objc; path = MasterViewController.m; sourceTree = "<group>"; };
		575B25CD19BA7E0F008AFA4F /* DetailViewController.h */ = {isa = PBXFileReference; lastKnownFileType = sourcecode.c.h; path = DetailViewController.h; sourceTree = "<group>"; };
		575B25CE19BA7E0F008AFA4F /* DetailViewController.m */ = {isa = PBXFileReference; lastKnownFileType = sourcecode.c.objc; path = DetailViewController.m; sourceTree = "<group>"; };
		575B25D019BA7E0F008AFA4F /* Images.xcassets */ = {isa = PBXFileReference; lastKnownFileType = folder.assetcatalog; path = Images.xcassets; sourceTree = "<group>"; };
		575B25D619BA7E0F008AFA4F /* AppSplitViewTests.xctest */ = {isa = PBXFileReference; explicitFileType = wrapper.cfbundle; includeInIndex = 0; path = AppSplitViewTests.xctest; sourceTree = BUILT_PRODUCTS_DIR; };
		575B25D719BA7E0F008AFA4F /* XCTest.framework */ = {isa = PBXFileReference; lastKnownFileType = wrapper.framework; name = XCTest.framework; path = Library/Frameworks/XCTest.framework; sourceTree = DEVELOPER_DIR; };
		575B25DF19BA7E0F008AFA4F /* AppSplitViewTests-Info.plist */ = {isa = PBXFileReference; lastKnownFileType = text.plist.xml; path = "AppSplitViewTests-Info.plist"; sourceTree = "<group>"; };
		575B25E119BA7E0F008AFA4F /* en */ = {isa = PBXFileReference; lastKnownFileType = text.plist.strings; name = en; path = en.lproj/InfoPlist.strings; sourceTree = "<group>"; };
		575B25E319BA7E0F008AFA4F /* AppSplitViewTests.m */ = {isa = PBXFileReference; lastKnownFileType = sourcecode.c.objc; path = AppSplitViewTests.m; sourceTree = "<group>"; };
		575B25EE19BA7E7D008AFA4F /* 10.jpg */ = {isa = PBXFileReference; lastKnownFileType = image.jpeg; path = 10.jpg; sourceTree = "<group>"; };
		575B25EF19BA7E7D008AFA4F /* 108.jpg */ = {isa = PBXFileReference; lastKnownFileType = image.jpeg; path = 108.jpg; sourceTree = "<group>"; };
		575B25F019BA7E7D008AFA4F /* 110.jpg */ = {isa = PBXFileReference; lastKnownFileType = image.jpeg; path = 110.jpg; sourceTree = "<group>"; };
		575B25F119BA7E7D008AFA4F /* 113.jpg */ = {isa = PBXFileReference; lastKnownFileType = image.jpeg; path = 113.jpg; sourceTree = "<group>"; };
		575B25F219BA7E7D008AFA4F /* 115.jpg */ = {isa = PBXFileReference; lastKnownFileType = image.jpeg; path = 115.jpg; sourceTree = "<group>"; };
		575B25F319BA7E7D008AFA4F /* 25.jpg */ = {isa = PBXFileReference; lastKnownFileType = image.jpeg; path = 25.jpg; sourceTree = "<group>"; };
		575B25F419BA7E7D008AFA4F /* 4.jpg */ = {isa = PBXFileReference; lastKnownFileType = image.jpeg; path = 4.jpg; sourceTree = "<group>"; };
		575B25F519BA7E7D008AFA4F /* 46.jpg */ = {isa = PBXFileReference; lastKnownFileType = image.jpeg; path = 46.jpg; sourceTree = "<group>"; };
		575B25F619BA7E7D008AFA4F /* 6.jpg */ = {isa = PBXFileReference; lastKnownFileType = image.jpeg; path = 6.jpg; sourceTree = "<group>"; };
		575B25F719BA7E7D008AFA4F /* ListaCompositores.plist */ = {isa = PBXFileReference; fileEncoding = 4; lastKnownFileType = text.plist.xml; name = ListaCompositores.plist; path = ../../_SDK4_recursos/ListaCompositores.plist; sourceTree = "<group>"; };
/* End PBXFileReference section */

/* Begin PBXFrameworksBuildPhase section */
		575B25AF19BA7E0E008AFA4F /* Frameworks */ = {
			isa = PBXFrameworksBuildPhase;
			buildActionMask = 2147483647;
			files = (
				575B25B819BA7E0E008AFA4F /* CoreGraphics.framework in Frameworks */,
				575B25BA19BA7E0E008AFA4F /* UIKit.framework in Frameworks */,
				575B25B619BA7E0E008AFA4F /* Foundation.framework in Frameworks */,
			);
			runOnlyForDeploymentPostprocessing = 0;
		};
		575B25D319BA7E0F008AFA4F /* Frameworks */ = {
			isa = PBXFrameworksBuildPhase;
			buildActionMask = 2147483647;
			files = (
				575B25D819BA7E0F008AFA4F /* XCTest.framework in Frameworks */,
				575B25DA19BA7E0F008AFA4F /* UIKit.framework in Frameworks */,
				575B25D919BA7E0F008AFA4F /* Foundation.framework in Frameworks */,
			);
			runOnlyForDeploymentPostprocessing = 0;
		};
/* End PBXFrameworksBuildPhase section */

/* Begin PBXGroup section */
		575B25A919BA7E0E008AFA4F = {
			isa = PBXGroup;
			children = (
				575B25BB19BA7E0E008AFA4F /* AppSplitView */,
				575B25DD19BA7E0F008AFA4F /* AppSplitViewTests */,
				575B25B419BA7E0E008AFA4F /* Frameworks */,
				575B25B319BA7E0E008AFA4F /* Products */,
			);
			sourceTree = "<group>";
		};
		575B25B319BA7E0E008AFA4F /* Products */ = {
			isa = PBXGroup;
			children = (
				575B25B219BA7E0E008AFA4F /* AppSplitView.app */,
				575B25D619BA7E0F008AFA4F /* AppSplitViewTests.xctest */,
			);
			name = Products;
			sourceTree = "<group>";
		};
		575B25B419BA7E0E008AFA4F /* Frameworks */ = {
			isa = PBXGroup;
			children = (
				575B25B519BA7E0E008AFA4F /* Foundation.framework */,
				575B25B719BA7E0E008AFA4F /* CoreGraphics.framework */,
				575B25B919BA7E0E008AFA4F /* UIKit.framework */,
				575B25D719BA7E0F008AFA4F /* XCTest.framework */,
			);
			name = Frameworks;
			sourceTree = "<group>";
		};
		575B25BB19BA7E0E008AFA4F /* AppSplitView */ = {
			isa = PBXGroup;
			children = (
				575B25ED19BA7E7D008AFA4F /* Fotos compositores */,
				575B25F719BA7E7D008AFA4F /* ListaCompositores.plist */,
				575B25C419BA7E0E008AFA4F /* AppDelegate.h */,
				575B25C519BA7E0E008AFA4F /* AppDelegate.m */,
				575B25C719BA7E0F008AFA4F /* Main.storyboard */,
				575B25CA19BA7E0F008AFA4F /* MasterViewController.h */,
				575B25CB19BA7E0F008AFA4F /* MasterViewController.m */,
				575B25CD19BA7E0F008AFA4F /* DetailViewController.h */,
				575B25CE19BA7E0F008AFA4F /* DetailViewController.m */,
				575B25D019BA7E0F008AFA4F /* Images.xcassets */,
				575B25BC19BA7E0E008AFA4F /* Supporting Files */,
			);
			path = AppSplitView;
			sourceTree = "<group>";
		};
		575B25BC19BA7E0E008AFA4F /* Supporting Files */ = {
			isa = PBXGroup;
			children = (
				575B25BD19BA7E0E008AFA4F /* AppSplitView-Info.plist */,
				575B25BE19BA7E0E008AFA4F /* InfoPlist.strings */,
				575B25C119BA7E0E008AFA4F /* main.m */,
				575B25C319BA7E0E008AFA4F /* AppSplitView-Prefix.pch */,
			);
			name = "Supporting Files";
			sourceTree = "<group>";
		};
		575B25DD19BA7E0F008AFA4F /* AppSplitViewTests */ = {
			isa = PBXGroup;
			children = (
				575B25E319BA7E0F008AFA4F /* AppSplitViewTests.m */,
				575B25DE19BA7E0F008AFA4F /* Supporting Files */,
			);
			path = AppSplitViewTests;
			sourceTree = "<group>";
		};
		575B25DE19BA7E0F008AFA4F /* Supporting Files */ = {
			isa = PBXGroup;
			children = (
				575B25DF19BA7E0F008AFA4F /* AppSplitViewTests-Info.plist */,
				575B25E019BA7E0F008AFA4F /* InfoPlist.strings */,
			);
			name = "Supporting Files";
			sourceTree = "<group>";
		};
		575B25ED19BA7E7D008AFA4F /* Fotos compositores */ = {
			isa = PBXGroup;
			children = (
				575B25EE19BA7E7D008AFA4F /* 10.jpg */,
				575B25EF19BA7E7D008AFA4F /* 108.jpg */,
				575B25F019BA7E7D008AFA4F /* 110.jpg */,
				575B25F119BA7E7D008AFA4F /* 113.jpg */,
				575B25F219BA7E7D008AFA4F /* 115.jpg */,
				575B25F319BA7E7D008AFA4F /* 25.jpg */,
				575B25F419BA7E7D008AFA4F /* 4.jpg */,
				575B25F519BA7E7D008AFA4F /* 46.jpg */,
				575B25F619BA7E7D008AFA4F /* 6.jpg */,
			);
			name = "Fotos compositores";
			path = "../../_SDK4_recursos/Fotos compositores";
			sourceTree = "<group>";
		};
/* End PBXGroup section */

/* Begin PBXNativeTarget section */
		575B25B119BA7E0E008AFA4F /* AppSplitView */ = {
			isa = PBXNativeTarget;
			buildConfigurationList = 575B25E719BA7E0F008AFA4F /* Build configuration list for PBXNativeTarget "AppSplitView" */;
			buildPhases = (
				575B25AE19BA7E0E008AFA4F /* Sources */,
				575B25AF19BA7E0E008AFA4F /* Frameworks */,
				575B25B019BA7E0E008AFA4F /* Resources */,
			);
			buildRules = (
			);
			dependencies = (
			);
			name = AppSplitView;
			productName = AppSplitView;
			productReference = 575B25B219BA7E0E008AFA4F /* AppSplitView.app */;
			productType = "com.apple.product-type.application";
		};
		575B25D519BA7E0F008AFA4F /* AppSplitViewTests */ = {
			isa = PBXNativeTarget;
			buildConfigurationList = 575B25EA19BA7E0F008AFA4F /* Build configuration list for PBXNativeTarget "AppSplitViewTests" */;
			buildPhases = (
				575B25D219BA7E0F008AFA4F /* Sources */,
				575B25D319BA7E0F008AFA4F /* Frameworks */,
				575B25D419BA7E0F008AFA4F /* Resources */,
			);
			buildRules = (
			);
			dependencies = (
				575B25DC19BA7E0F008AFA4F /* PBXTargetDependency */,
			);
			name = AppSplitViewTests;
			productName = AppSplitViewTests;
			productReference = 575B25D619BA7E0F008AFA4F /* AppSplitViewTests.xctest */;
			productType = "com.apple.product-type.bundle.unit-test";
		};
/* End PBXNativeTarget section */

/* Begin PBXProject section */
		575B25AA19BA7E0E008AFA4F /* Project object */ = {
			isa = PBXProject;
			attributes = {
				LastUpgradeCheck = 0510;
				ORGANIZATIONNAME = Claudio;
				TargetAttributes = {
					575B25D519BA7E0F008AFA4F = {
						TestTargetID = 575B25B119BA7E0E008AFA4F;
					};
				};
			};
			buildConfigurationList = 575B25AD19BA7E0E008AFA4F /* Build configuration list for PBXProject "AppSplitView" */;
			compatibilityVersion = "Xcode 3.2";
			developmentRegion = English;
			hasScannedForEncodings = 0;
			knownRegions = (
				en,
				Base,
			);
			mainGroup = 575B25A919BA7E0E008AFA4F;
			productRefGroup = 575B25B319BA7E0E008AFA4F /* Products */;
			projectDirPath = "";
			projectRoot = "";
			targets = (
				575B25B119BA7E0E008AFA4F /* AppSplitView */,
				575B25D519BA7E0F008AFA4F /* AppSplitViewTests */,
			);
		};
/* End PBXProject section */

/* Begin PBXResourcesBuildPhase section */
		575B25B019BA7E0E008AFA4F /* Resources */ = {
			isa = PBXResourcesBuildPhase;
			buildActionMask = 2147483647;
			files = (
				575B25FA19BA7E7D008AFA4F /* 110.jpg in Resources */,
				575B25D119BA7E0F008AFA4F /* Images.xcassets in Resources */,
				575B25C019BA7E0E008AFA4F /* InfoPlist.strings in Resources */,
				575B25FD19BA7E7D008AFA4F /* 25.jpg in Resources */,
				575B260119BA7E7D008AFA4F /* ListaCompositores.plist in Resources */,
				575B25FF19BA7E7D008AFA4F /* 46.jpg in Resources */,
				575B25F819BA7E7D008AFA4F /* 10.jpg in Resources */,
				575B260019BA7E7D008AFA4F /* 6.jpg in Resources */,
				575B25F919BA7E7D008AFA4F /* 108.jpg in Resources */,
				575B25FC19BA7E7D008AFA4F /* 115.jpg in Resources */,
				575B25C919BA7E0F008AFA4F /* Main.storyboard in Resources */,
				575B25FE19BA7E7D008AFA4F /* 4.jpg in Resources */,
				575B25FB19BA7E7D008AFA4F /* 113.jpg in Resources */,
			);
			runOnlyForDeploymentPostprocessing = 0;
		};
		575B25D419BA7E0F008AFA4F /* Resources */ = {
			isa = PBXResourcesBuildPhase;
			buildActionMask = 2147483647;
			files = (
				575B25E219BA7E0F008AFA4F /* InfoPlist.strings in Resources */,
			);
			runOnlyForDeploymentPostprocessing = 0;
		};
/* End PBXResourcesBuildPhase section */

/* Begin PBXSourcesBuildPhase section */
		575B25AE19BA7E0E008AFA4F /* Sources */ = {
			isa = PBXSourcesBuildPhase;
			buildActionMask = 2147483647;
			files = (
				575B25C619BA7E0E008AFA4F /* AppDelegate.m in Sources */,
				575B25CC19BA7E0F008AFA4F /* MasterViewController.m in Sources */,
				575B25C219BA7E0E008AFA4F /* main.m in Sources */,
				575B25CF19BA7E0F008AFA4F /* DetailViewController.m in Sources */,
			);
			runOnlyForDeploymentPostprocessing = 0;
		};
		575B25D219BA7E0F008AFA4F /* Sources */ = {
			isa = PBXSourcesBuildPhase;
			buildActionMask = 2147483647;
			files = (
				575B25E419BA7E0F008AFA4F /* AppSplitViewTests.m in Sources */,
			);
			runOnlyForDeploymentPostprocessing = 0;
		};
/* End PBXSourcesBuildPhase section */

/* Begin PBXTargetDependency section */
		575B25DC19BA7E0F008AFA4F /* PBXTargetDependency */ = {
			isa = PBXTargetDependency;
			target = 575B25B119BA7E0E008AFA4F /* AppSplitView */;
			targetProxy = 575B25DB19BA7E0F008AFA4F /* PBXContainerItemProxy */;
		};
/* End PBXTargetDependency section */

/* Begin PBXVariantGroup section */
		575B25BE19BA7E0E008AFA4F /* InfoPlist.strings */ = {
			isa = PBXVariantGroup;
			children = (
				575B25BF19BA7E0E008AFA4F /* en */,
			);
			name = InfoPlist.strings;
			sourceTree = "<group>";
		};
		575B25C719BA7E0F008AFA4F /* Main.storyboard */ = {
			isa = PBXVariantGroup;
			children = (
				575B25C819BA7E0F008AFA4F /* Base */,
			);
			name = Main.storyboard;
			sourceTree = "<group>";
		};
		575B25E019BA7E0F008AFA4F /* InfoPlist.strings */ = {
			isa = PBXVariantGroup;
			children = (
				575B25E119BA7E0F008AFA4F /* en */,
			);
			name = InfoPlist.strings;
			sourceTree = "<group>";
		};
/* End PBXVariantGroup section */

/* Begin XCBuildConfiguration section */
		575B25E519BA7E0F008AFA4F /* Debug */ = {
			isa = XCBuildConfiguration;
			buildSettings = {
				ALWAYS_SEARCH_USER_PATHS = NO;
				CLANG_CXX_LANGUAGE_STANDARD = "gnu++0x";
				CLANG_CXX_LIBRARY = "libc++";
				CLANG_ENABLE_MODULES = YES;
				CLANG_ENABLE_OBJC_ARC = YES;
				CLANG_WARN_BOOL_CONVERSION = YES;
				CLANG_WARN_CONSTANT_CONVERSION = YES;
				CLANG_WARN_DIRECT_OBJC_ISA_USAGE = YES_ERROR;
				CLANG_WARN_EMPTY_BODY = YES;
				CLANG_WARN_ENUM_CONVERSION = YES;
				CLANG_WARN_INT_CONVERSION = YES;
				CLANG_WARN_OBJC_ROOT_CLASS = YES_ERROR;
				CLANG_WARN__DUPLICATE_METHOD_MATCH = YES;
				"CODE_SIGN_IDENTITY[sdk=iphoneos*]" = "iPhone Developer";
				COPY_PHASE_STRIP = NO;
				GCC_C_LANGUAGE_STANDARD = gnu99;
				GCC_DYNAMIC_NO_PIC = NO;
				GCC_OPTIMIZATION_LEVEL = 0;
				GCC_PREPROCESSOR_DEFINITIONS = (
					"DEBUG=1",
					"$(inherited)",
				);
				GCC_SYMBOLS_PRIVATE_EXTERN = NO;
				GCC_WARN_64_TO_32_BIT_CONVERSION = YES;
				GCC_WARN_ABOUT_RETURN_TYPE = YES_ERROR;
				GCC_WARN_UNDECLARED_SELECTOR = YES;
				GCC_WARN_UNINITIALIZED_AUTOS = YES_AGGRESSIVE;
				GCC_WARN_UNUSED_FUNCTION = YES;
				GCC_WARN_UNUSED_VARIABLE = YES;
				IPHONEOS_DEPLOYMENT_TARGET = 7.1;
				ONLY_ACTIVE_ARCH = YES;
				SDKROOT = iphoneos;
				TARGETED_DEVICE_FAMILY = 2;
			};
			name = Debug;
		};
		575B25E619BA7E0F008AFA4F /* Release */ = {
			isa = XCBuildConfiguration;
			buildSettings = {
				ALWAYS_SEARCH_USER_PATHS = NO;
				CLANG_CXX_LANGUAGE_STANDARD = "gnu++0x";
				CLANG_CXX_LIBRARY = "libc++";
				CLANG_ENABLE_MODULES = YES;
				CLANG_ENABLE_OBJC_ARC = YES;
				CLANG_WARN_BOOL_CONVERSION = YES;
				CLANG_WARN_CONSTANT_CONVERSION = YES;
				CLANG_WARN_DIRECT_OBJC_ISA_USAGE = YES_ERROR;
				CLANG_WARN_EMPTY_BODY = YES;
				CLANG_WARN_ENUM_CONVERSION = YES;
				CLANG_WARN_INT_CONVERSION = YES;
				CLANG_WARN_OBJC_ROOT_CLASS = YES_ERROR;
				CLANG_WARN__DUPLICATE_METHOD_MATCH = YES;
				"CODE_SIGN_IDENTITY[sdk=iphoneos*]" = "iPhone Developer";
				COPY_PHASE_STRIP = YES;
				ENABLE_NS_ASSERTIONS = NO;
				GCC_C_LANGUAGE_STANDARD = gnu99;
				GCC_WARN_64_TO_32_BIT_CONVERSION = YES;
				GCC_WARN_ABOUT_RETURN_TYPE = YES_ERROR;
				GCC_WARN_UNDECLARED_SELECTOR = YES;
				GCC_WARN_UNINITIALIZED_AUTOS = YES_AGGRESSIVE;
				GCC_WARN_UNUSED_FUNCTION = YES;
				GCC_WARN_UNUSED_VARIABLE = YES;
				IPHONEOS_DEPLOYMENT_TARGET = 7.1;
				SDKROOT = iphoneos;
				TARGETED_DEVICE_FAMILY = 2;
				VALIDATE_PRODUCT = YES;
			};
			name = Release;
		};
		575B25E819BA7E0F008AFA4F /* Debug */ = {
			isa = XCBuildConfiguration;
			buildSettings = {
				ASSETCATALOG_COMPILER_APPICON_NAME = AppIcon;
				ASSETCATALOG_COMPILER_LAUNCHIMAGE_NAME = LaunchImage;
				GCC_PRECOMPILE_PREFIX_HEADER = YES;
				GCC_PREFIX_HEADER = "AppSplitView/AppSplitView-Prefix.pch";
				INFOPLIST_FILE = "AppSplitView/AppSplitView-Info.plist";
				PRODUCT_NAME = "$(TARGET_NAME)";
				WRAPPER_EXTENSION = app;
			};
			name = Debug;
		};
		575B25E919BA7E0F008AFA4F /* Release */ = {
			isa = XCBuildConfiguration;
			buildSettings = {
				ASSETCATALOG_COMPILER_APPICON_NAME = AppIcon;
				ASSETCATALOG_COMPILER_LAUNCHIMAGE_NAME = LaunchImage;
				GCC_PRECOMPILE_PREFIX_HEADER = YES;
				GCC_PREFIX_HEADER = "AppSplitView/AppSplitView-Prefix.pch";
				INFOPLIST_FILE = "AppSplitView/AppSplitView-Info.plist";
				PRODUCT_NAME = "$(TARGET_NAME)";
				WRAPPER_EXTENSION = app;
			};
			name = Release;
		};
		575B25EB19BA7E0F008AFA4F /* Debug */ = {
			isa = XCBuildConfiguration;
			buildSettings = {
				BUNDLE_LOADER = "$(BUILT_PRODUCTS_DIR)/AppSplitView.app/AppSplitView";
				FRAMEWORK_SEARCH_PATHS = (
					"$(SDKROOT)/Developer/Library/Frameworks",
					"$(inherited)",
					"$(DEVELOPER_FRAMEWORKS_DIR)",
				);
				GCC_PRECOMPILE_PREFIX_HEADER = YES;
				GCC_PREFIX_HEADER = "AppSplitView/AppSplitView-Prefix.pch";
				GCC_PREPROCESSOR_DEFINITIONS = (
					"DEBUG=1",
					"$(inherited)",
				);
				INFOPLIST_FILE = "AppSplitViewTests/AppSplitViewTests-Info.plist";
				PRODUCT_NAME = "$(TARGET_NAME)";
				TEST_HOST = "$(BUNDLE_LOADER)";
				WRAPPER_EXTENSION = xctest;
			};
			name = Debug;
		};
		575B25EC19BA7E0F008AFA4F /* Release */ = {
			isa = XCBuildConfiguration;
			buildSettings = {
				BUNDLE_LOADER = "$(BUILT_PRODUCTS_DIR)/AppSplitView.app/AppSplitView";
				FRAMEWORK_SEARCH_PATHS = (
					"$(SDKROOT)/Developer/Library/Frameworks",
					"$(inherited)",
					"$(DEVELOPER_FRAMEWORKS_DIR)",
				);
				GCC_PRECOMPILE_PREFIX_HEADER = YES;
				GCC_PREFIX_HEADER = "AppSplitView/AppSplitView-Prefix.pch";
				INFOPLIST_FILE = "AppSplitViewTests/AppSplitViewTests-Info.plist";
				PRODUCT_NAME = "$(TARGET_NAME)";
				TEST_HOST = "$(BUNDLE_LOADER)";
				WRAPPER_EXTENSION = xctest;
			};
			name = Release;
		};
/* End XCBuildConfiguration section */

/* Begin XCConfigurationList section */
		575B25AD19BA7E0E008AFA4F /* Build configuration list for PBXProject "AppSplitView" */ = {
			isa = XCConfigurationList;
			buildConfigurations = (
				575B25E519BA7E0F008AFA4F /* Debug */,
				575B25E619BA7E0F008AFA4F /* Release */,
			);
			defaultConfigurationIsVisible = 0;
			defaultConfigurationName = Release;
		};
		575B25E719BA7E0F008AFA4F /* Build configuration list for PBXNativeTarget "AppSplitView" */ = {
			isa = XCConfigurationList;
			buildConfigurations = (
				575B25E819BA7E0F008AFA4F /* Debug */,
				575B25E919BA7E0F008AFA4F /* Release */,
			);
			defaultConfigurationIsVisible = 0;
		};
		575B25EA19BA7E0F008AFA4F /* Build configuration list for PBXNativeTarget "AppSplitViewTests" */ = {
			isa = XCConfigurationList;
			buildConfigurations = (
				575B25EB19BA7E0F008AFA4F /* Debug */,
				575B25EC19BA7E0F008AFA4F /* Release */,
			);
			defaultConfigurationIsVisible = 0;
		};
/* End XCConfigurationList section */
	};
	rootObject = 575B25AA19BA7E0E008AFA4F /* Project object */;
}
