// !$*UTF8*$!
{
	archiveVersion = 1;
	classes = {
	};
	objectVersion = 46;
	objects = {

/* Begin PBXBuildFile section */
		57D3F8E319A5584C00558A1E /* Foundation.framework in Frameworks */ = {isa = PBXBuildFile; fileRef = 57D3F8E219A5584C00558A1E /* Foundation.framework */; };
		57D3F8E519A5584C00558A1E /* CoreGraphics.framework in Frameworks */ = {isa = PBXBuildFile; fileRef = 57D3F8E419A5584C00558A1E /* CoreGraphics.framework */; };
		57D3F8E719A5584C00558A1E /* UIKit.framework in Frameworks */ = {isa = PBXBuildFile; fileRef = 57D3F8E619A5584C00558A1E /* UIKit.framework */; };
		57D3F8ED19A5584C00558A1E /* InfoPlist.strings in Resources */ = {isa = PBXBuildFile; fileRef = 57D3F8EB19A5584C00558A1E /* InfoPlist.strings */; };
		57D3F8EF19A5584C00558A1E /* main.m in Sources */ = {isa = PBXBuildFile; fileRef = 57D3F8EE19A5584C00558A1E /* main.m */; };
		57D3F8F319A5584C00558A1E /* AppDelegate.m in Sources */ = {isa = PBXBuildFile; fileRef = 57D3F8F219A5584C00558A1E /* AppDelegate.m */; };
		57D3F8F619A5584C00558A1E /* Main.storyboard in Resources */ = {isa = PBXBuildFile; fileRef = 57D3F8F419A5584C00558A1E /* Main.storyboard */; };
		57D3F8F919A5584C00558A1E /* ViewController.m in Sources */ = {isa = PBXBuildFile; fileRef = 57D3F8F819A5584C00558A1E /* ViewController.m */; };
		57D3F8FB19A5584C00558A1E /* Images.xcassets in Resources */ = {isa = PBXBuildFile; fileRef = 57D3F8FA19A5584C00558A1E /* Images.xcassets */; };
		57D3F90219A5584C00558A1E /* XCTest.framework in Frameworks */ = {isa = PBXBuildFile; fileRef = 57D3F90119A5584C00558A1E /* XCTest.framework */; };
		57D3F90319A5584C00558A1E /* Foundation.framework in Frameworks */ = {isa = PBXBuildFile; fileRef = 57D3F8E219A5584C00558A1E /* Foundation.framework */; };
		57D3F90419A5584C00558A1E /* UIKit.framework in Frameworks */ = {isa = PBXBuildFile; fileRef = 57D3F8E619A5584C00558A1E /* UIKit.framework */; };
		57D3F90C19A5584C00558A1E /* InfoPlist.strings in Resources */ = {isa = PBXBuildFile; fileRef = 57D3F90A19A5584C00558A1E /* InfoPlist.strings */; };
		57D3F90E19A5584C00558A1E /* AppCompartilhamentoTests.m in Sources */ = {isa = PBXBuildFile; fileRef = 57D3F90D19A5584C00558A1E /* AppCompartilhamentoTests.m */; };
		57D3F91819A558A000558A1E /* wallpaper0.jpg in Resources */ = {isa = PBXBuildFile; fileRef = 57D3F91719A558A000558A1E /* wallpaper0.jpg */; };
/* End PBXBuildFile section */

/* Begin PBXContainerItemProxy section */
		57D3F90519A5584C00558A1E /* PBXContainerItemProxy */ = {
			isa = PBXContainerItemProxy;
			containerPortal = 57D3F8D719A5584B00558A1E /* Project object */;
			proxyType = 1;
			remoteGlobalIDString = 57D3F8DE19A5584C00558A1E;
			remoteInfo = AppCompartilhamento;
		};
/* End PBXContainerItemProxy section */

/* Begin PBXFileReference section */
		57D3F8DF19A5584C00558A1E /* AppCompartilhamento.app */ = {isa = PBXFileReference; explicitFileType = wrapper.application; includeInIndex = 0; path = AppCompartilhamento.app; sourceTree = BUILT_PRODUCTS_DIR; };
		57D3F8E219A5584C00558A1E /* Foundation.framework */ = {isa = PBXFileReference; lastKnownFileType = wrapper.framework; name = Foundation.framework; path = System/Library/Frameworks/Foundation.framework; sourceTree = SDKROOT; };
		57D3F8E419A5584C00558A1E /* CoreGraphics.framework */ = {isa = PBXFileReference; lastKnownFileType = wrapper.framework; name = CoreGraphics.framework; path = System/Library/Frameworks/CoreGraphics.framework; sourceTree = SDKROOT; };
		57D3F8E619A5584C00558A1E /* UIKit.framework */ = {isa = PBXFileReference; lastKnownFileType = wrapper.framework; name = UIKit.framework; path = System/Library/Frameworks/UIKit.framework; sourceTree = SDKROOT; };
		57D3F8EA19A5584C00558A1E /* AppCompartilhamento-Info.plist */ = {isa = PBXFileReference; lastKnownFileType = text.plist.xml; path = "AppCompartilhamento-Info.plist"; sourceTree = "<group>"; };
		57D3F8EC19A5584C00558A1E /* en */ = {isa = PBXFileReference; lastKnownFileType = text.plist.strings; name = en; path = en.lproj/InfoPlist.strings; sourceTree = "<group>"; };
		57D3F8EE19A5584C00558A1E /* main.m */ = {isa = PBXFileReference; lastKnownFileType = sourcecode.c.objc; path = main.m; sourceTree = "<group>"; };
		57D3F8F019A5584C00558A1E /* AppCompartilhamento-Prefix.pch */ = {isa = PBXFileReference; lastKnownFileType = sourcecode.c.h; path = "AppCompartilhamento-Prefix.pch"; sourceTree = "<group>"; };
		57D3F8F119A5584C00558A1E /* AppDelegate.h */ = {isa = PBXFileReference; lastKnownFileType = sourcecode.c.h; path = AppDelegate.h; sourceTree = "<group>"; };
		57D3F8F219A5584C00558A1E /* AppDelegate.m */ = {isa = PBXFileReference; lastKnownFileType = sourcecode.c.objc; path = AppDelegate.m; sourceTree = "<group>"; };
		57D3F8F519A5584C00558A1E /* Base */ = {isa = PBXFileReference; lastKnownFileType = file.storyboard; name = Base; path = Base.lproj/Main.storyboard; sourceTree = "<group>"; };
		57D3F8F719A5584C00558A1E /* ViewController.h */ = {isa = PBXFileReference; lastKnownFileType = sourcecode.c.h; path = ViewController.h; sourceTree = "<group>"; };
		57D3F8F819A5584C00558A1E /* ViewController.m */ = {isa = PBXFileReference; lastKnownFileType = sourcecode.c.objc; path = ViewController.m; sourceTree = "<group>"; };
		57D3F8FA19A5584C00558A1E /* Images.xcassets */ = {isa = PBXFileReference; lastKnownFileType = folder.assetcatalog; path = Images.xcassets; sourceTree = "<group>"; };
		57D3F90019A5584C00558A1E /* AppCompartilhamentoTests.xctest */ = {isa = PBXFileReference; explicitFileType = wrapper.cfbundle; includeInIndex = 0; path = AppCompartilhamentoTests.xctest; sourceTree = BUILT_PRODUCTS_DIR; };
		57D3F90119A5584C00558A1E /* XCTest.framework */ = {isa = PBXFileReference; lastKnownFileType = wrapper.framework; name = XCTest.framework; path = Library/Frameworks/XCTest.framework; sourceTree = DEVELOPER_DIR; };
		57D3F90919A5584C00558A1E /* AppCompartilhamentoTests-Info.plist */ = {isa = PBXFileReference; lastKnownFileType = text.plist.xml; path = "AppCompartilhamentoTests-Info.plist"; sourceTree = "<group>"; };
		57D3F90B19A5584C00558A1E /* en */ = {isa = PBXFileReference; lastKnownFileType = text.plist.strings; name = en; path = en.lproj/InfoPlist.strings; sourceTree = "<group>"; };
		57D3F90D19A5584C00558A1E /* AppCompartilhamentoTests.m */ = {isa = PBXFileReference; lastKnownFileType = sourcecode.c.objc; path = AppCompartilhamentoTests.m; sourceTree = "<group>"; };
		57D3F91719A558A000558A1E /* wallpaper0.jpg */ = {isa = PBXFileReference; lastKnownFileType = image.jpeg; name = wallpaper0.jpg; path = ../../_SDK1_recursos/imagens/wallpaper0.jpg; sourceTree = "<group>"; };
/* End PBXFileReference section */

/* Begin PBXFrameworksBuildPhase section */
		57D3F8DC19A5584C00558A1E /* Frameworks */ = {
			isa = PBXFrameworksBuildPhase;
			buildActionMask = 2147483647;
			files = (
				57D3F8E519A5584C00558A1E /* CoreGraphics.framework in Frameworks */,
				57D3F8E719A5584C00558A1E /* UIKit.framework in Frameworks */,
				57D3F8E319A5584C00558A1E /* Foundation.framework in Frameworks */,
			);
			runOnlyForDeploymentPostprocessing = 0;
		};
		57D3F8FD19A5584C00558A1E /* Frameworks */ = {
			isa = PBXFrameworksBuildPhase;
			buildActionMask = 2147483647;
			files = (
				57D3F90219A5584C00558A1E /* XCTest.framework in Frameworks */,
				57D3F90419A5584C00558A1E /* UIKit.framework in Frameworks */,
				57D3F90319A5584C00558A1E /* Foundation.framework in Frameworks */,
			);
			runOnlyForDeploymentPostprocessing = 0;
		};
/* End PBXFrameworksBuildPhase section */

/* Begin PBXGroup section */
		57D3F8D619A5584B00558A1E = {
			isa = PBXGroup;
			children = (
				57D3F8E819A5584C00558A1E /* AppCompartilhamento */,
				57D3F90719A5584C00558A1E /* AppCompartilhamentoTests */,
				57D3F8E119A5584C00558A1E /* Frameworks */,
				57D3F8E019A5584C00558A1E /* Products */,
			);
			sourceTree = "<group>";
		};
		57D3F8E019A5584C00558A1E /* Products */ = {
			isa = PBXGroup;
			children = (
				57D3F8DF19A5584C00558A1E /* AppCompartilhamento.app */,
				57D3F90019A5584C00558A1E /* AppCompartilhamentoTests.xctest */,
			);
			name = Products;
			sourceTree = "<group>";
		};
		57D3F8E119A5584C00558A1E /* Frameworks */ = {
			isa = PBXGroup;
			children = (
				57D3F8E219A5584C00558A1E /* Foundation.framework */,
				57D3F8E419A5584C00558A1E /* CoreGraphics.framework */,
				57D3F8E619A5584C00558A1E /* UIKit.framework */,
				57D3F90119A5584C00558A1E /* XCTest.framework */,
			);
			name = Frameworks;
			sourceTree = "<group>";
		};
		57D3F8E819A5584C00558A1E /* AppCompartilhamento */ = {
			isa = PBXGroup;
			children = (
				57D3F8F119A5584C00558A1E /* AppDelegate.h */,
				57D3F8F219A5584C00558A1E /* AppDelegate.m */,
				57D3F8F419A5584C00558A1E /* Main.storyboard */,
				57D3F91719A558A000558A1E /* wallpaper0.jpg */,
				57D3F8F719A5584C00558A1E /* ViewController.h */,
				57D3F8F819A5584C00558A1E /* ViewController.m */,
				57D3F8FA19A5584C00558A1E /* Images.xcassets */,
				57D3F8E919A5584C00558A1E /* Supporting Files */,
			);
			path = AppCompartilhamento;
			sourceTree = "<group>";
		};
		57D3F8E919A5584C00558A1E /* Supporting Files */ = {
			isa = PBXGroup;
			children = (
				57D3F8EA19A5584C00558A1E /* AppCompartilhamento-Info.plist */,
				57D3F8EB19A5584C00558A1E /* InfoPlist.strings */,
				57D3F8EE19A5584C00558A1E /* main.m */,
				57D3F8F019A5584C00558A1E /* AppCompartilhamento-Prefix.pch */,
			);
			name = "Supporting Files";
			sourceTree = "<group>";
		};
		57D3F90719A5584C00558A1E /* AppCompartilhamentoTests */ = {
			isa = PBXGroup;
			children = (
				57D3F90D19A5584C00558A1E /* AppCompartilhamentoTests.m */,
				57D3F90819A5584C00558A1E /* Supporting Files */,
			);
			path = AppCompartilhamentoTests;
			sourceTree = "<group>";
		};
		57D3F90819A5584C00558A1E /* Supporting Files */ = {
			isa = PBXGroup;
			children = (
				57D3F90919A5584C00558A1E /* AppCompartilhamentoTests-Info.plist */,
				57D3F90A19A5584C00558A1E /* InfoPlist.strings */,
			);
			name = "Supporting Files";
			sourceTree = "<group>";
		};
/* End PBXGroup section */

/* Begin PBXNativeTarget section */
		57D3F8DE19A5584C00558A1E /* AppCompartilhamento */ = {
			isa = PBXNativeTarget;
			buildConfigurationList = 57D3F91119A5584C00558A1E /* Build configuration list for PBXNativeTarget "AppCompartilhamento" */;
			buildPhases = (
				57D3F8DB19A5584C00558A1E /* Sources */,
				57D3F8DC19A5584C00558A1E /* Frameworks */,
				57D3F8DD19A5584C00558A1E /* Resources */,
			);
			buildRules = (
			);
			dependencies = (
			);
			name = AppCompartilhamento;
			productName = AppCompartilhamento;
			productReference = 57D3F8DF19A5584C00558A1E /* AppCompartilhamento.app */;
			productType = "com.apple.product-type.application";
		};
		57D3F8FF19A5584C00558A1E /* AppCompartilhamentoTests */ = {
			isa = PBXNativeTarget;
			buildConfigurationList = 57D3F91419A5584C00558A1E /* Build configuration list for PBXNativeTarget "AppCompartilhamentoTests" */;
			buildPhases = (
				57D3F8FC19A5584C00558A1E /* Sources */,
				57D3F8FD19A5584C00558A1E /* Frameworks */,
				57D3F8FE19A5584C00558A1E /* Resources */,
			);
			buildRules = (
			);
			dependencies = (
				57D3F90619A5584C00558A1E /* PBXTargetDependency */,
			);
			name = AppCompartilhamentoTests;
			productName = AppCompartilhamentoTests;
			productReference = 57D3F90019A5584C00558A1E /* AppCompartilhamentoTests.xctest */;
			productType = "com.apple.product-type.bundle.unit-test";
		};
/* End PBXNativeTarget section */

/* Begin PBXProject section */
		57D3F8D719A5584B00558A1E /* Project object */ = {
			isa = PBXProject;
			attributes = {
				LastUpgradeCheck = 0510;
				ORGANIZATIONNAME = Claudio;
				TargetAttributes = {
					57D3F8FF19A5584C00558A1E = {
						TestTargetID = 57D3F8DE19A5584C00558A1E;
					};
				};
			};
			buildConfigurationList = 57D3F8DA19A5584B00558A1E /* Build configuration list for PBXProject "AppCompartilhamento" */;
			compatibilityVersion = "Xcode 3.2";
			developmentRegion = English;
			hasScannedForEncodings = 0;
			knownRegions = (
				en,
				Base,
			);
			mainGroup = 57D3F8D619A5584B00558A1E;
			productRefGroup = 57D3F8E019A5584C00558A1E /* Products */;
			projectDirPath = "";
			projectRoot = "";
			targets = (
				57D3F8DE19A5584C00558A1E /* AppCompartilhamento */,
				57D3F8FF19A5584C00558A1E /* AppCompartilhamentoTests */,
			);
		};
/* End PBXProject section */

/* Begin PBXResourcesBuildPhase section */
		57D3F8DD19A5584C00558A1E /* Resources */ = {
			isa = PBXResourcesBuildPhase;
			buildActionMask = 2147483647;
			files = (
				57D3F8FB19A5584C00558A1E /* Images.xcassets in Resources */,
				57D3F91819A558A000558A1E /* wallpaper0.jpg in Resources */,
				57D3F8ED19A5584C00558A1E /* InfoPlist.strings in Resources */,
				57D3F8F619A5584C00558A1E /* Main.storyboard in Resources */,
			);
			runOnlyForDeploymentPostprocessing = 0;
		};
		57D3F8FE19A5584C00558A1E /* Resources */ = {
			isa = PBXResourcesBuildPhase;
			buildActionMask = 2147483647;
			files = (
				57D3F90C19A5584C00558A1E /* InfoPlist.strings in Resources */,
			);
			runOnlyForDeploymentPostprocessing = 0;
		};
/* End PBXResourcesBuildPhase section */

/* Begin PBXSourcesBuildPhase section */
		57D3F8DB19A5584C00558A1E /* Sources */ = {
			isa = PBXSourcesBuildPhase;
			buildActionMask = 2147483647;
			files = (
				57D3F8F919A5584C00558A1E /* ViewController.m in Sources */,
				57D3F8F319A5584C00558A1E /* AppDelegate.m in Sources */,
				57D3F8EF19A5584C00558A1E /* main.m in Sources */,
			);
			runOnlyForDeploymentPostprocessing = 0;
		};
		57D3F8FC19A5584C00558A1E /* Sources */ = {
			isa = PBXSourcesBuildPhase;
			buildActionMask = 2147483647;
			files = (
				57D3F90E19A5584C00558A1E /* AppCompartilhamentoTests.m in Sources */,
			);
			runOnlyForDeploymentPostprocessing = 0;
		};
/* End PBXSourcesBuildPhase section */

/* Begin PBXTargetDependency section */
		57D3F90619A5584C00558A1E /* PBXTargetDependency */ = {
			isa = PBXTargetDependency;
			target = 57D3F8DE19A5584C00558A1E /* AppCompartilhamento */;
			targetProxy = 57D3F90519A5584C00558A1E /* PBXContainerItemProxy */;
		};
/* End PBXTargetDependency section */

/* Begin PBXVariantGroup section */
		57D3F8EB19A5584C00558A1E /* InfoPlist.strings */ = {
			isa = PBXVariantGroup;
			children = (
				57D3F8EC19A5584C00558A1E /* en */,
			);
			name = InfoPlist.strings;
			sourceTree = "<group>";
		};
		57D3F8F419A5584C00558A1E /* Main.storyboard */ = {
			isa = PBXVariantGroup;
			children = (
				57D3F8F519A5584C00558A1E /* Base */,
			);
			name = Main.storyboard;
			sourceTree = "<group>";
		};
		57D3F90A19A5584C00558A1E /* InfoPlist.strings */ = {
			isa = PBXVariantGroup;
			children = (
				57D3F90B19A5584C00558A1E /* en */,
			);
			name = InfoPlist.strings;
			sourceTree = "<group>";
		};
/* End PBXVariantGroup section */

/* Begin XCBuildConfiguration section */
		57D3F90F19A5584C00558A1E /* Debug */ = {
			isa = XCBuildConfiguration;
			buildSettings = {
				ALWAYS_SEARCH_USER_PATHS = NO;
				CLANG_CXX_LANGUAGE_STANDARD = "gnu++0x";
				CLANG_CXX_LIBRARY = "libc++";
				CLANG_ENABLE_MODULES = YES;
				CLANG_ENABLE_OBJC_ARC = YES;
				CLANG_WARN_BOOL_CONVERSION = YES;
				CLANG_WARN_CONSTANT_CONVERSION = YES;
				CLANG_WARN_DIRECT_OBJC_ISA_USAGE = YES_ERROR;
				CLANG_WARN_EMPTY_BODY = YES;
				CLANG_WARN_ENUM_CONVERSION = YES;
				CLANG_WARN_INT_CONVERSION = YES;
				CLANG_WARN_OBJC_ROOT_CLASS = YES_ERROR;
				CLANG_WARN__DUPLICATE_METHOD_MATCH = YES;
				"CODE_SIGN_IDENTITY[sdk=iphoneos*]" = "iPhone Developer";
				COPY_PHASE_STRIP = NO;
				GCC_C_LANGUAGE_STANDARD = gnu99;
				GCC_DYNAMIC_NO_PIC = NO;
				GCC_OPTIMIZATION_LEVEL = 0;
				GCC_PREPROCESSOR_DEFINITIONS = (
					"DEBUG=1",
					"$(inherited)",
				);
				GCC_SYMBOLS_PRIVATE_EXTERN = NO;
				GCC_WARN_64_TO_32_BIT_CONVERSION = YES;
				GCC_WARN_ABOUT_RETURN_TYPE = YES_ERROR;
				GCC_WARN_UNDECLARED_SELECTOR = YES;
				GCC_WARN_UNINITIALIZED_AUTOS = YES_AGGRESSIVE;
				GCC_WARN_UNUSED_FUNCTION = YES;
				GCC_WARN_UNUSED_VARIABLE = YES;
				IPHONEOS_DEPLOYMENT_TARGET = 7.1;
				ONLY_ACTIVE_ARCH = YES;
				SDKROOT = iphoneos;
			};
			name = Debug;
		};
		57D3F91019A5584C00558A1E /* Release */ = {
			isa = XCBuildConfiguration;
			buildSettings = {
				ALWAYS_SEARCH_USER_PATHS = NO;
				CLANG_CXX_LANGUAGE_STANDARD = "gnu++0x";
				CLANG_CXX_LIBRARY = "libc++";
				CLANG_ENABLE_MODULES = YES;
				CLANG_ENABLE_OBJC_ARC = YES;
				CLANG_WARN_BOOL_CONVERSION = YES;
				CLANG_WARN_CONSTANT_CONVERSION = YES;
				CLANG_WARN_DIRECT_OBJC_ISA_USAGE = YES_ERROR;
				CLANG_WARN_EMPTY_BODY = YES;
				CLANG_WARN_ENUM_CONVERSION = YES;
				CLANG_WARN_INT_CONVERSION = YES;
				CLANG_WARN_OBJC_ROOT_CLASS = YES_ERROR;
				CLANG_WARN__DUPLICATE_METHOD_MATCH = YES;
				"CODE_SIGN_IDENTITY[sdk=iphoneos*]" = "iPhone Developer";
				COPY_PHASE_STRIP = YES;
				ENABLE_NS_ASSERTIONS = NO;
				GCC_C_LANGUAGE_STANDARD = gnu99;
				GCC_WARN_64_TO_32_BIT_CONVERSION = YES;
				GCC_WARN_ABOUT_RETURN_TYPE = YES_ERROR;
				GCC_WARN_UNDECLARED_SELECTOR = YES;
				GCC_WARN_UNINITIALIZED_AUTOS = YES_AGGRESSIVE;
				GCC_WARN_UNUSED_FUNCTION = YES;
				GCC_WARN_UNUSED_VARIABLE = YES;
				IPHONEOS_DEPLOYMENT_TARGET = 7.1;
				SDKROOT = iphoneos;
				VALIDATE_PRODUCT = YES;
			};
			name = Release;
		};
		57D3F91219A5584C00558A1E /* Debug */ = {
			isa = XCBuildConfiguration;
			buildSettings = {
				ASSETCATALOG_COMPILER_APPICON_NAME = AppIcon;
				ASSETCATALOG_COMPILER_LAUNCHIMAGE_NAME = LaunchImage;
				GCC_PRECOMPILE_PREFIX_HEADER = YES;
				GCC_PREFIX_HEADER = "AppCompartilhamento/AppCompartilhamento-Prefix.pch";
				INFOPLIST_FILE = "AppCompartilhamento/AppCompartilhamento-Info.plist";
				PRODUCT_NAME = "$(TARGET_NAME)";
				WRAPPER_EXTENSION = app;
			};
			name = Debug;
		};
		57D3F91319A5584C00558A1E /* Release */ = {
			isa = XCBuildConfiguration;
			buildSettings = {
				ASSETCATALOG_COMPILER_APPICON_NAME = AppIcon;
				ASSETCATALOG_COMPILER_LAUNCHIMAGE_NAME = LaunchImage;
				GCC_PRECOMPILE_PREFIX_HEADER = YES;
				GCC_PREFIX_HEADER = "AppCompartilhamento/AppCompartilhamento-Prefix.pch";
				INFOPLIST_FILE = "AppCompartilhamento/AppCompartilhamento-Info.plist";
				PRODUCT_NAME = "$(TARGET_NAME)";
				WRAPPER_EXTENSION = app;
			};
			name = Release;
		};
		57D3F91519A5584C00558A1E /* Debug */ = {
			isa = XCBuildConfiguration;
			buildSettings = {
				BUNDLE_LOADER = "$(BUILT_PRODUCTS_DIR)/AppCompartilhamento.app/AppCompartilhamento";
				FRAMEWORK_SEARCH_PATHS = (
					"$(SDKROOT)/Developer/Library/Frameworks",
					"$(inherited)",
					"$(DEVELOPER_FRAMEWORKS_DIR)",
				);
				GCC_PRECOMPILE_PREFIX_HEADER = YES;
				GCC_PREFIX_HEADER = "AppCompartilhamento/AppCompartilhamento-Prefix.pch";
				GCC_PREPROCESSOR_DEFINITIONS = (
					"DEBUG=1",
					"$(inherited)",
				);
				INFOPLIST_FILE = "AppCompartilhamentoTests/AppCompartilhamentoTests-Info.plist";
				PRODUCT_NAME = "$(TARGET_NAME)";
				TEST_HOST = "$(BUNDLE_LOADER)";
				WRAPPER_EXTENSION = xctest;
			};
			name = Debug;
		};
		57D3F91619A5584C00558A1E /* Release */ = {
			isa = XCBuildConfiguration;
			buildSettings = {
				BUNDLE_LOADER = "$(BUILT_PRODUCTS_DIR)/AppCompartilhamento.app/AppCompartilhamento";
				FRAMEWORK_SEARCH_PATHS = (
					"$(SDKROOT)/Developer/Library/Frameworks",
					"$(inherited)",
					"$(DEVELOPER_FRAMEWORKS_DIR)",
				);
				GCC_PRECOMPILE_PREFIX_HEADER = YES;
				GCC_PREFIX_HEADER = "AppCompartilhamento/AppCompartilhamento-Prefix.pch";
				INFOPLIST_FILE = "AppCompartilhamentoTests/AppCompartilhamentoTests-Info.plist";
				PRODUCT_NAME = "$(TARGET_NAME)";
				TEST_HOST = "$(BUNDLE_LOADER)";
				WRAPPER_EXTENSION = xctest;
			};
			name = Release;
		};
/* End XCBuildConfiguration section */

/* Begin XCConfigurationList section */
		57D3F8DA19A5584B00558A1E /* Build configuration list for PBXProject "AppCompartilhamento" */ = {
			isa = XCConfigurationList;
			buildConfigurations = (
				57D3F90F19A5584C00558A1E /* Debug */,
				57D3F91019A5584C00558A1E /* Release */,
			);
			defaultConfigurationIsVisible = 0;
			defaultConfigurationName = Release;
		};
		57D3F91119A5584C00558A1E /* Build configuration list for PBXNativeTarget "AppCompartilhamento" */ = {
			isa = XCConfigurationList;
			buildConfigurations = (
				57D3F91219A5584C00558A1E /* Debug */,
				57D3F91319A5584C00558A1E /* Release */,
			);
			defaultConfigurationIsVisible = 0;
		};
		57D3F91419A5584C00558A1E /* Build configuration list for PBXNativeTarget "AppCompartilhamentoTests" */ = {
			isa = XCConfigurationList;
			buildConfigurations = (
				57D3F91519A5584C00558A1E /* Debug */,
				57D3F91619A5584C00558A1E /* Release */,
			);
			defaultConfigurationIsVisible = 0;
		};
/* End XCConfigurationList section */
	};
	rootObject = 57D3F8D719A5584B00558A1E /* Project object */;
}
