// !$*UTF8*$!
{
	archiveVersion = 1;
	classes = {
	};
	objectVersion = 46;
	objects = {

/* Begin PBXBuildFile section */
		570DADEB19B92E5500B8FAFC /* Foundation.framework in Frameworks */ = {isa = PBXBuildFile; fileRef = 570DADEA19B92E5500B8FAFC /* Foundation.framework */; };
		570DADED19B92E5500B8FAFC /* CoreGraphics.framework in Frameworks */ = {isa = PBXBuildFile; fileRef = 570DADEC19B92E5500B8FAFC /* CoreGraphics.framework */; };
		570DADEF19B92E5500B8FAFC /* UIKit.framework in Frameworks */ = {isa = PBXBuildFile; fileRef = 570DADEE19B92E5500B8FAFC /* UIKit.framework */; };
		570DADF519B92E5500B8FAFC /* InfoPlist.strings in Resources */ = {isa = PBXBuildFile; fileRef = 570DADF319B92E5500B8FAFC /* InfoPlist.strings */; };
		570DADF719B92E5500B8FAFC /* main.m in Sources */ = {isa = PBXBuildFile; fileRef = 570DADF619B92E5500B8FAFC /* main.m */; };
		570DADFB19B92E5500B8FAFC /* AppDelegate.m in Sources */ = {isa = PBXBuildFile; fileRef = 570DADFA19B92E5500B8FAFC /* AppDelegate.m */; };
		570DADFE19B92E5500B8FAFC /* Main_iPhone.storyboard in Resources */ = {isa = PBXBuildFile; fileRef = 570DADFC19B92E5500B8FAFC /* Main_iPhone.storyboard */; };
		570DAE0419B92E5500B8FAFC /* ViewController.m in Sources */ = {isa = PBXBuildFile; fileRef = 570DAE0319B92E5500B8FAFC /* ViewController.m */; };
		570DAE0619B92E5500B8FAFC /* Images.xcassets in Resources */ = {isa = PBXBuildFile; fileRef = 570DAE0519B92E5500B8FAFC /* Images.xcassets */; };
		570DAE0D19B92E5500B8FAFC /* XCTest.framework in Frameworks */ = {isa = PBXBuildFile; fileRef = 570DAE0C19B92E5500B8FAFC /* XCTest.framework */; };
		570DAE0E19B92E5500B8FAFC /* Foundation.framework in Frameworks */ = {isa = PBXBuildFile; fileRef = 570DADEA19B92E5500B8FAFC /* Foundation.framework */; };
		570DAE0F19B92E5500B8FAFC /* UIKit.framework in Frameworks */ = {isa = PBXBuildFile; fileRef = 570DADEE19B92E5500B8FAFC /* UIKit.framework */; };
		570DAE1719B92E5500B8FAFC /* InfoPlist.strings in Resources */ = {isa = PBXBuildFile; fileRef = 570DAE1519B92E5500B8FAFC /* InfoPlist.strings */; };
		570DAE1919B92E5500B8FAFC /* AppMapaCustomizadoTests.m in Sources */ = {isa = PBXBuildFile; fileRef = 570DAE1819B92E5500B8FAFC /* AppMapaCustomizadoTests.m */; };
		570DAE2319B92E6D00B8FAFC /* MapKit.framework in Frameworks */ = {isa = PBXBuildFile; fileRef = 570DAE2219B92E6D00B8FAFC /* MapKit.framework */; };
		570DAE2519B92E9000B8FAFC /* CoreLocation.framework in Frameworks */ = {isa = PBXBuildFile; fileRef = 570DAE2419B92E9000B8FAFC /* CoreLocation.framework */; };
		570DAE2819B9357000B8FAFC /* casa_bola.jpeg in Resources */ = {isa = PBXBuildFile; fileRef = 570DAE2619B9357000B8FAFC /* casa_bola.jpeg */; };
		570DAE2919B9357000B8FAFC /* pin.png in Resources */ = {isa = PBXBuildFile; fileRef = 570DAE2719B9357000B8FAFC /* pin.png */; };
/* End PBXBuildFile section */

/* Begin PBXContainerItemProxy section */
		570DAE1019B92E5500B8FAFC /* PBXContainerItemProxy */ = {
			isa = PBXContainerItemProxy;
			containerPortal = 570DADDF19B92E5500B8FAFC /* Project object */;
			proxyType = 1;
			remoteGlobalIDString = 570DADE619B92E5500B8FAFC;
			remoteInfo = AppMapaCustomizado;
		};
/* End PBXContainerItemProxy section */

/* Begin PBXFileReference section */
		570DADE719B92E5500B8FAFC /* AppMapaCustomizado.app */ = {isa = PBXFileReference; explicitFileType = wrapper.application; includeInIndex = 0; path = AppMapaCustomizado.app; sourceTree = BUILT_PRODUCTS_DIR; };
		570DADEA19B92E5500B8FAFC /* Foundation.framework */ = {isa = PBXFileReference; lastKnownFileType = wrapper.framework; name = Foundation.framework; path = System/Library/Frameworks/Foundation.framework; sourceTree = SDKROOT; };
		570DADEC19B92E5500B8FAFC /* CoreGraphics.framework */ = {isa = PBXFileReference; lastKnownFileType = wrapper.framework; name = CoreGraphics.framework; path = System/Library/Frameworks/CoreGraphics.framework; sourceTree = SDKROOT; };
		570DADEE19B92E5500B8FAFC /* UIKit.framework */ = {isa = PBXFileReference; lastKnownFileType = wrapper.framework; name = UIKit.framework; path = System/Library/Frameworks/UIKit.framework; sourceTree = SDKROOT; };
		570DADF219B92E5500B8FAFC /* AppMapaCustomizado-Info.plist */ = {isa = PBXFileReference; lastKnownFileType = text.plist.xml; path = "AppMapaCustomizado-Info.plist"; sourceTree = "<group>"; };
		570DADF419B92E5500B8FAFC /* en */ = {isa = PBXFileReference; lastKnownFileType = text.plist.strings; name = en; path = en.lproj/InfoPlist.strings; sourceTree = "<group>"; };
		570DADF619B92E5500B8FAFC /* main.m */ = {isa = PBXFileReference; lastKnownFileType = sourcecode.c.objc; path = main.m; sourceTree = "<group>"; };
		570DADF819B92E5500B8FAFC /* AppMapaCustomizado-Prefix.pch */ = {isa = PBXFileReference; lastKnownFileType = sourcecode.c.h; path = "AppMapaCustomizado-Prefix.pch"; sourceTree = "<group>"; };
		570DADF919B92E5500B8FAFC /* AppDelegate.h */ = {isa = PBXFileReference; lastKnownFileType = sourcecode.c.h; path = AppDelegate.h; sourceTree = "<group>"; };
		570DADFA19B92E5500B8FAFC /* AppDelegate.m */ = {isa = PBXFileReference; lastKnownFileType = sourcecode.c.objc; path = AppDelegate.m; sourceTree = "<group>"; };
		570DADFD19B92E5500B8FAFC /* Base */ = {isa = PBXFileReference; lastKnownFileType = file.storyboard; name = Base; path = Base.lproj/Main_iPhone.storyboard; sourceTree = "<group>"; };
		570DAE0219B92E5500B8FAFC /* ViewController.h */ = {isa = PBXFileReference; lastKnownFileType = sourcecode.c.h; path = ViewController.h; sourceTree = "<group>"; };
		570DAE0319B92E5500B8FAFC /* ViewController.m */ = {isa = PBXFileReference; lastKnownFileType = sourcecode.c.objc; path = ViewController.m; sourceTree = "<group>"; };
		570DAE0519B92E5500B8FAFC /* Images.xcassets */ = {isa = PBXFileReference; lastKnownFileType = folder.assetcatalog; path = Images.xcassets; sourceTree = "<group>"; };
		570DAE0B19B92E5500B8FAFC /* AppMapaCustomizadoTests.xctest */ = {isa = PBXFileReference; explicitFileType = wrapper.cfbundle; includeInIndex = 0; path = AppMapaCustomizadoTests.xctest; sourceTree = BUILT_PRODUCTS_DIR; };
		570DAE0C19B92E5500B8FAFC /* XCTest.framework */ = {isa = PBXFileReference; lastKnownFileType = wrapper.framework; name = XCTest.framework; path = Library/Frameworks/XCTest.framework; sourceTree = DEVELOPER_DIR; };
		570DAE1419B92E5500B8FAFC /* AppMapaCustomizadoTests-Info.plist */ = {isa = PBXFileReference; lastKnownFileType = text.plist.xml; path = "AppMapaCustomizadoTests-Info.plist"; sourceTree = "<group>"; };
		570DAE1619B92E5500B8FAFC /* en */ = {isa = PBXFileReference; lastKnownFileType = text.plist.strings; name = en; path = en.lproj/InfoPlist.strings; sourceTree = "<group>"; };
		570DAE1819B92E5500B8FAFC /* AppMapaCustomizadoTests.m */ = {isa = PBXFileReference; lastKnownFileType = sourcecode.c.objc; path = AppMapaCustomizadoTests.m; sourceTree = "<group>"; };
		570DAE2219B92E6D00B8FAFC /* MapKit.framework */ = {isa = PBXFileReference; lastKnownFileType = wrapper.framework; name = MapKit.framework; path = System/Library/Frameworks/MapKit.framework; sourceTree = SDKROOT; };
		570DAE2419B92E9000B8FAFC /* CoreLocation.framework */ = {isa = PBXFileReference; lastKnownFileType = wrapper.framework; name = CoreLocation.framework; path = System/Library/Frameworks/CoreLocation.framework; sourceTree = SDKROOT; };
		570DAE2619B9357000B8FAFC /* casa_bola.jpeg */ = {isa = PBXFileReference; lastKnownFileType = image.jpeg; name = casa_bola.jpeg; path = ../../_SDK4_recursos/casa_bola.jpeg; sourceTree = "<group>"; };
		570DAE2719B9357000B8FAFC /* pin.png */ = {isa = PBXFileReference; lastKnownFileType = image.png; name = pin.png; path = ../../_SDK4_recursos/pin.png; sourceTree = "<group>"; };
/* End PBXFileReference section */

/* Begin PBXFrameworksBuildPhase section */
		570DADE419B92E5500B8FAFC /* Frameworks */ = {
			isa = PBXFrameworksBuildPhase;
			buildActionMask = 2147483647;
			files = (
				570DAE2519B92E9000B8FAFC /* CoreLocation.framework in Frameworks */,
				570DAE2319B92E6D00B8FAFC /* MapKit.framework in Frameworks */,
				570DADED19B92E5500B8FAFC /* CoreGraphics.framework in Frameworks */,
				570DADEF19B92E5500B8FAFC /* UIKit.framework in Frameworks */,
				570DADEB19B92E5500B8FAFC /* Foundation.framework in Frameworks */,
			);
			runOnlyForDeploymentPostprocessing = 0;
		};
		570DAE0819B92E5500B8FAFC /* Frameworks */ = {
			isa = PBXFrameworksBuildPhase;
			buildActionMask = 2147483647;
			files = (
				570DAE0D19B92E5500B8FAFC /* XCTest.framework in Frameworks */,
				570DAE0F19B92E5500B8FAFC /* UIKit.framework in Frameworks */,
				570DAE0E19B92E5500B8FAFC /* Foundation.framework in Frameworks */,
			);
			runOnlyForDeploymentPostprocessing = 0;
		};
/* End PBXFrameworksBuildPhase section */

/* Begin PBXGroup section */
		570DADDE19B92E5500B8FAFC = {
			isa = PBXGroup;
			children = (
				570DADF019B92E5500B8FAFC /* AppMapaCustomizado */,
				570DAE1219B92E5500B8FAFC /* AppMapaCustomizadoTests */,
				570DADE919B92E5500B8FAFC /* Frameworks */,
				570DADE819B92E5500B8FAFC /* Products */,
			);
			sourceTree = "<group>";
		};
		570DADE819B92E5500B8FAFC /* Products */ = {
			isa = PBXGroup;
			children = (
				570DADE719B92E5500B8FAFC /* AppMapaCustomizado.app */,
				570DAE0B19B92E5500B8FAFC /* AppMapaCustomizadoTests.xctest */,
			);
			name = Products;
			sourceTree = "<group>";
		};
		570DADE919B92E5500B8FAFC /* Frameworks */ = {
			isa = PBXGroup;
			children = (
				570DAE2419B92E9000B8FAFC /* CoreLocation.framework */,
				570DAE2219B92E6D00B8FAFC /* MapKit.framework */,
				570DADEA19B92E5500B8FAFC /* Foundation.framework */,
				570DADEC19B92E5500B8FAFC /* CoreGraphics.framework */,
				570DADEE19B92E5500B8FAFC /* UIKit.framework */,
				570DAE0C19B92E5500B8FAFC /* XCTest.framework */,
			);
			name = Frameworks;
			sourceTree = "<group>";
		};
		570DADF019B92E5500B8FAFC /* AppMapaCustomizado */ = {
			isa = PBXGroup;
			children = (
				570DAE2619B9357000B8FAFC /* casa_bola.jpeg */,
				570DAE2719B9357000B8FAFC /* pin.png */,
				570DADF919B92E5500B8FAFC /* AppDelegate.h */,
				570DADFA19B92E5500B8FAFC /* AppDelegate.m */,
				570DADFC19B92E5500B8FAFC /* Main_iPhone.storyboard */,
				570DAE0219B92E5500B8FAFC /* ViewController.h */,
				570DAE0319B92E5500B8FAFC /* ViewController.m */,
				570DAE0519B92E5500B8FAFC /* Images.xcassets */,
				570DADF119B92E5500B8FAFC /* Supporting Files */,
			);
			path = AppMapaCustomizado;
			sourceTree = "<group>";
		};
		570DADF119B92E5500B8FAFC /* Supporting Files */ = {
			isa = PBXGroup;
			children = (
				570DADF219B92E5500B8FAFC /* AppMapaCustomizado-Info.plist */,
				570DADF319B92E5500B8FAFC /* InfoPlist.strings */,
				570DADF619B92E5500B8FAFC /* main.m */,
				570DADF819B92E5500B8FAFC /* AppMapaCustomizado-Prefix.pch */,
			);
			name = "Supporting Files";
			sourceTree = "<group>";
		};
		570DAE1219B92E5500B8FAFC /* AppMapaCustomizadoTests */ = {
			isa = PBXGroup;
			children = (
				570DAE1819B92E5500B8FAFC /* AppMapaCustomizadoTests.m */,
				570DAE1319B92E5500B8FAFC /* Supporting Files */,
			);
			path = AppMapaCustomizadoTests;
			sourceTree = "<group>";
		};
		570DAE1319B92E5500B8FAFC /* Supporting Files */ = {
			isa = PBXGroup;
			children = (
				570DAE1419B92E5500B8FAFC /* AppMapaCustomizadoTests-Info.plist */,
				570DAE1519B92E5500B8FAFC /* InfoPlist.strings */,
			);
			name = "Supporting Files";
			sourceTree = "<group>";
		};
/* End PBXGroup section */

/* Begin PBXNativeTarget section */
		570DADE619B92E5500B8FAFC /* AppMapaCustomizado */ = {
			isa = PBXNativeTarget;
			buildConfigurationList = 570DAE1C19B92E5500B8FAFC /* Build configuration list for PBXNativeTarget "AppMapaCustomizado" */;
			buildPhases = (
				570DADE319B92E5500B8FAFC /* Sources */,
				570DADE419B92E5500B8FAFC /* Frameworks */,
				570DADE519B92E5500B8FAFC /* Resources */,
			);
			buildRules = (
			);
			dependencies = (
			);
			name = AppMapaCustomizado;
			productName = AppMapaCustomizado;
			productReference = 570DADE719B92E5500B8FAFC /* AppMapaCustomizado.app */;
			productType = "com.apple.product-type.application";
		};
		570DAE0A19B92E5500B8FAFC /* AppMapaCustomizadoTests */ = {
			isa = PBXNativeTarget;
			buildConfigurationList = 570DAE1F19B92E5500B8FAFC /* Build configuration list for PBXNativeTarget "AppMapaCustomizadoTests" */;
			buildPhases = (
				570DAE0719B92E5500B8FAFC /* Sources */,
				570DAE0819B92E5500B8FAFC /* Frameworks */,
				570DAE0919B92E5500B8FAFC /* Resources */,
			);
			buildRules = (
			);
			dependencies = (
				570DAE1119B92E5500B8FAFC /* PBXTargetDependency */,
			);
			name = AppMapaCustomizadoTests;
			productName = AppMapaCustomizadoTests;
			productReference = 570DAE0B19B92E5500B8FAFC /* AppMapaCustomizadoTests.xctest */;
			productType = "com.apple.product-type.bundle.unit-test";
		};
/* End PBXNativeTarget section */

/* Begin PBXProject section */
		570DADDF19B92E5500B8FAFC /* Project object */ = {
			isa = PBXProject;
			attributes = {
				LastUpgradeCheck = 0510;
				ORGANIZATIONNAME = Claudio;
				TargetAttributes = {
					570DADE619B92E5500B8FAFC = {
						DevelopmentTeam = 4LYT8LRQP3;
					};
					570DAE0A19B92E5500B8FAFC = {
						TestTargetID = 570DADE619B92E5500B8FAFC;
					};
				};
			};
			buildConfigurationList = 570DADE219B92E5500B8FAFC /* Build configuration list for PBXProject "AppMapaCustomizado" */;
			compatibilityVersion = "Xcode 3.2";
			developmentRegion = English;
			hasScannedForEncodings = 0;
			knownRegions = (
				en,
				Base,
			);
			mainGroup = 570DADDE19B92E5500B8FAFC;
			productRefGroup = 570DADE819B92E5500B8FAFC /* Products */;
			projectDirPath = "";
			projectRoot = "";
			targets = (
				570DADE619B92E5500B8FAFC /* AppMapaCustomizado */,
				570DAE0A19B92E5500B8FAFC /* AppMapaCustomizadoTests */,
			);
		};
/* End PBXProject section */

/* Begin PBXResourcesBuildPhase section */
		570DADE519B92E5500B8FAFC /* Resources */ = {
			isa = PBXResourcesBuildPhase;
			buildActionMask = 2147483647;
			files = (
				570DAE0619B92E5500B8FAFC /* Images.xcassets in Resources */,
				570DADFE19B92E5500B8FAFC /* Main_iPhone.storyboard in Resources */,
				570DADF519B92E5500B8FAFC /* InfoPlist.strings in Resources */,
				570DAE2919B9357000B8FAFC /* pin.png in Resources */,
				570DAE2819B9357000B8FAFC /* casa_bola.jpeg in Resources */,
			);
			runOnlyForDeploymentPostprocessing = 0;
		};
		570DAE0919B92E5500B8FAFC /* Resources */ = {
			isa = PBXResourcesBuildPhase;
			buildActionMask = 2147483647;
			files = (
				570DAE1719B92E5500B8FAFC /* InfoPlist.strings in Resources */,
			);
			runOnlyForDeploymentPostprocessing = 0;
		};
/* End PBXResourcesBuildPhase section */

/* Begin PBXSourcesBuildPhase section */
		570DADE319B92E5500B8FAFC /* Sources */ = {
			isa = PBXSourcesBuildPhase;
			buildActionMask = 2147483647;
			files = (
				570DAE0419B92E5500B8FAFC /* ViewController.m in Sources */,
				570DADFB19B92E5500B8FAFC /* AppDelegate.m in Sources */,
				570DADF719B92E5500B8FAFC /* main.m in Sources */,
			);
			runOnlyForDeploymentPostprocessing = 0;
		};
		570DAE0719B92E5500B8FAFC /* Sources */ = {
			isa = PBXSourcesBuildPhase;
			buildActionMask = 2147483647;
			files = (
				570DAE1919B92E5500B8FAFC /* AppMapaCustomizadoTests.m in Sources */,
			);
			runOnlyForDeploymentPostprocessing = 0;
		};
/* End PBXSourcesBuildPhase section */

/* Begin PBXTargetDependency section */
		570DAE1119B92E5500B8FAFC /* PBXTargetDependency */ = {
			isa = PBXTargetDependency;
			target = 570DADE619B92E5500B8FAFC /* AppMapaCustomizado */;
			targetProxy = 570DAE1019B92E5500B8FAFC /* PBXContainerItemProxy */;
		};
/* End PBXTargetDependency section */

/* Begin PBXVariantGroup section */
		570DADF319B92E5500B8FAFC /* InfoPlist.strings */ = {
			isa = PBXVariantGroup;
			children = (
				570DADF419B92E5500B8FAFC /* en */,
			);
			name = InfoPlist.strings;
			sourceTree = "<group>";
		};
		570DADFC19B92E5500B8FAFC /* Main_iPhone.storyboard */ = {
			isa = PBXVariantGroup;
			children = (
				570DADFD19B92E5500B8FAFC /* Base */,
			);
			name = Main_iPhone.storyboard;
			sourceTree = "<group>";
		};
		570DAE1519B92E5500B8FAFC /* InfoPlist.strings */ = {
			isa = PBXVariantGroup;
			children = (
				570DAE1619B92E5500B8FAFC /* en */,
			);
			name = InfoPlist.strings;
			sourceTree = "<group>";
		};
/* End PBXVariantGroup section */

/* Begin XCBuildConfiguration section */
		570DAE1A19B92E5500B8FAFC /* Debug */ = {
			isa = XCBuildConfiguration;
			buildSettings = {
				ALWAYS_SEARCH_USER_PATHS = NO;
				CLANG_CXX_LANGUAGE_STANDARD = "gnu++0x";
				CLANG_CXX_LIBRARY = "libc++";
				CLANG_ENABLE_MODULES = YES;
				CLANG_ENABLE_OBJC_ARC = YES;
				CLANG_WARN_BOOL_CONVERSION = YES;
				CLANG_WARN_CONSTANT_CONVERSION = YES;
				CLANG_WARN_DIRECT_OBJC_ISA_USAGE = YES_ERROR;
				CLANG_WARN_EMPTY_BODY = YES;
				CLANG_WARN_ENUM_CONVERSION = YES;
				CLANG_WARN_INT_CONVERSION = YES;
				CLANG_WARN_OBJC_ROOT_CLASS = YES_ERROR;
				CLANG_WARN__DUPLICATE_METHOD_MATCH = YES;
				"CODE_SIGN_IDENTITY[sdk=iphoneos*]" = "iPhone Developer";
				COPY_PHASE_STRIP = NO;
				GCC_C_LANGUAGE_STANDARD = gnu99;
				GCC_DYNAMIC_NO_PIC = NO;
				GCC_OPTIMIZATION_LEVEL = 0;
				GCC_PREPROCESSOR_DEFINITIONS = (
					"DEBUG=1",
					"$(inherited)",
				);
				GCC_SYMBOLS_PRIVATE_EXTERN = NO;
				GCC_WARN_64_TO_32_BIT_CONVERSION = YES;
				GCC_WARN_ABOUT_RETURN_TYPE = YES_ERROR;
				GCC_WARN_UNDECLARED_SELECTOR = YES;
				GCC_WARN_UNINITIALIZED_AUTOS = YES_AGGRESSIVE;
				GCC_WARN_UNUSED_FUNCTION = YES;
				GCC_WARN_UNUSED_VARIABLE = YES;
				IPHONEOS_DEPLOYMENT_TARGET = 7.1;
				ONLY_ACTIVE_ARCH = YES;
				SDKROOT = iphoneos;
				TARGETED_DEVICE_FAMILY = "1,2";
			};
			name = Debug;
		};
		570DAE1B19B92E5500B8FAFC /* Release */ = {
			isa = XCBuildConfiguration;
			buildSettings = {
				ALWAYS_SEARCH_USER_PATHS = NO;
				CLANG_CXX_LANGUAGE_STANDARD = "gnu++0x";
				CLANG_CXX_LIBRARY = "libc++";
				CLANG_ENABLE_MODULES = YES;
				CLANG_ENABLE_OBJC_ARC = YES;
				CLANG_WARN_BOOL_CONVERSION = YES;
				CLANG_WARN_CONSTANT_CONVERSION = YES;
				CLANG_WARN_DIRECT_OBJC_ISA_USAGE = YES_ERROR;
				CLANG_WARN_EMPTY_BODY = YES;
				CLANG_WARN_ENUM_CONVERSION = YES;
				CLANG_WARN_INT_CONVERSION = YES;
				CLANG_WARN_OBJC_ROOT_CLASS = YES_ERROR;
				CLANG_WARN__DUPLICATE_METHOD_MATCH = YES;
				"CODE_SIGN_IDENTITY[sdk=iphoneos*]" = "iPhone Developer";
				COPY_PHASE_STRIP = YES;
				ENABLE_NS_ASSERTIONS = NO;
				GCC_C_LANGUAGE_STANDARD = gnu99;
				GCC_WARN_64_TO_32_BIT_CONVERSION = YES;
				GCC_WARN_ABOUT_RETURN_TYPE = YES_ERROR;
				GCC_WARN_UNDECLARED_SELECTOR = YES;
				GCC_WARN_UNINITIALIZED_AUTOS = YES_AGGRESSIVE;
				GCC_WARN_UNUSED_FUNCTION = YES;
				GCC_WARN_UNUSED_VARIABLE = YES;
				IPHONEOS_DEPLOYMENT_TARGET = 7.1;
				SDKROOT = iphoneos;
				TARGETED_DEVICE_FAMILY = "1,2";
				VALIDATE_PRODUCT = YES;
			};
			name = Release;
		};
		570DAE1D19B92E5500B8FAFC /* Debug */ = {
			isa = XCBuildConfiguration;
			buildSettings = {
				ASSETCATALOG_COMPILER_APPICON_NAME = AppIcon;
				ASSETCATALOG_COMPILER_LAUNCHIMAGE_NAME = LaunchImage;
				CODE_SIGN_IDENTITY = "iPhone Developer";
				"CODE_SIGN_IDENTITY[sdk=iphoneos*]" = "iPhone Developer";
				GCC_PRECOMPILE_PREFIX_HEADER = YES;
				GCC_PREFIX_HEADER = "AppMapaCustomizado/AppMapaCustomizado-Prefix.pch";
				INFOPLIST_FILE = "AppMapaCustomizado/AppMapaCustomizado-Info.plist";
				PRODUCT_NAME = "$(TARGET_NAME)";
				PROVISIONING_PROFILE = "";
				TARGETED_DEVICE_FAMILY = 1;
				WRAPPER_EXTENSION = app;
			};
			name = Debug;
		};
		570DAE1E19B92E5500B8FAFC /* Release */ = {
			isa = XCBuildConfiguration;
			buildSettings = {
				ASSETCATALOG_COMPILER_APPICON_NAME = AppIcon;
				ASSETCATALOG_COMPILER_LAUNCHIMAGE_NAME = LaunchImage;
				CODE_SIGN_IDENTITY = "iPhone Developer";
				"CODE_SIGN_IDENTITY[sdk=iphoneos*]" = "iPhone Developer";
				GCC_PRECOMPILE_PREFIX_HEADER = YES;
				GCC_PREFIX_HEADER = "AppMapaCustomizado/AppMapaCustomizado-Prefix.pch";
				INFOPLIST_FILE = "AppMapaCustomizado/AppMapaCustomizado-Info.plist";
				PRODUCT_NAME = "$(TARGET_NAME)";
				PROVISIONING_PROFILE = "";
				TARGETED_DEVICE_FAMILY = 1;
				WRAPPER_EXTENSION = app;
			};
			name = Release;
		};
		570DAE2019B92E5500B8FAFC /* Debug */ = {
			isa = XCBuildConfiguration;
			buildSettings = {
				BUNDLE_LOADER = "$(BUILT_PRODUCTS_DIR)/AppMapaCustomizado.app/AppMapaCustomizado";
				FRAMEWORK_SEARCH_PATHS = (
					"$(SDKROOT)/Developer/Library/Frameworks",
					"$(inherited)",
					"$(DEVELOPER_FRAMEWORKS_DIR)",
				);
				GCC_PRECOMPILE_PREFIX_HEADER = YES;
				GCC_PREFIX_HEADER = "AppMapaCustomizado/AppMapaCustomizado-Prefix.pch";
				GCC_PREPROCESSOR_DEFINITIONS = (
					"DEBUG=1",
					"$(inherited)",
				);
				INFOPLIST_FILE = "AppMapaCustomizadoTests/AppMapaCustomizadoTests-Info.plist";
				PRODUCT_NAME = "$(TARGET_NAME)";
				TEST_HOST = "$(BUNDLE_LOADER)";
				WRAPPER_EXTENSION = xctest;
			};
			name = Debug;
		};
		570DAE2119B92E5500B8FAFC /* Release */ = {
			isa = XCBuildConfiguration;
			buildSettings = {
				BUNDLE_LOADER = "$(BUILT_PRODUCTS_DIR)/AppMapaCustomizado.app/AppMapaCustomizado";
				FRAMEWORK_SEARCH_PATHS = (
					"$(SDKROOT)/Developer/Library/Frameworks",
					"$(inherited)",
					"$(DEVELOPER_FRAMEWORKS_DIR)",
				);
				GCC_PRECOMPILE_PREFIX_HEADER = YES;
				GCC_PREFIX_HEADER = "AppMapaCustomizado/AppMapaCustomizado-Prefix.pch";
				INFOPLIST_FILE = "AppMapaCustomizadoTests/AppMapaCustomizadoTests-Info.plist";
				PRODUCT_NAME = "$(TARGET_NAME)";
				TEST_HOST = "$(BUNDLE_LOADER)";
				WRAPPER_EXTENSION = xctest;
			};
			name = Release;
		};
/* End XCBuildConfiguration section */

/* Begin XCConfigurationList section */
		570DADE219B92E5500B8FAFC /* Build configuration list for PBXProject "AppMapaCustomizado" */ = {
			isa = XCConfigurationList;
			buildConfigurations = (
				570DAE1A19B92E5500B8FAFC /* Debug */,
				570DAE1B19B92E5500B8FAFC /* Release */,
			);
			defaultConfigurationIsVisible = 0;
			defaultConfigurationName = Release;
		};
		570DAE1C19B92E5500B8FAFC /* Build configuration list for PBXNativeTarget "AppMapaCustomizado" */ = {
			isa = XCConfigurationList;
			buildConfigurations = (
				570DAE1D19B92E5500B8FAFC /* Debug */,
				570DAE1E19B92E5500B8FAFC /* Release */,
			);
			defaultConfigurationIsVisible = 0;
			defaultConfigurationName = Release;
		};
		570DAE1F19B92E5500B8FAFC /* Build configuration list for PBXNativeTarget "AppMapaCustomizadoTests" */ = {
			isa = XCConfigurationList;
			buildConfigurations = (
				570DAE2019B92E5500B8FAFC /* Debug */,
				570DAE2119B92E5500B8FAFC /* Release */,
			);
			defaultConfigurationIsVisible = 0;
			defaultConfigurationName = Release;
		};
/* End XCConfigurationList section */
	};
	rootObject = 570DADDF19B92E5500B8FAFC /* Project object */;
}
