// !$*UTF8*$!
{
	archiveVersion = 1;
	classes = {
	};
	objectVersion = 46;
	objects = {

/* Begin PBXBuildFile section */
		57F3D2E719B133B5005BCAE6 /* Foundation.framework in Frameworks */ = {isa = PBXBuildFile; fileRef = 57F3D2E619B133B5005BCAE6 /* Foundation.framework */; };
		57F3D2E919B133B5005BCAE6 /* CoreGraphics.framework in Frameworks */ = {isa = PBXBuildFile; fileRef = 57F3D2E819B133B5005BCAE6 /* CoreGraphics.framework */; };
		57F3D2EB19B133B5005BCAE6 /* UIKit.framework in Frameworks */ = {isa = PBXBuildFile; fileRef = 57F3D2EA19B133B5005BCAE6 /* UIKit.framework */; };
		57F3D2F119B133B5005BCAE6 /* InfoPlist.strings in Resources */ = {isa = PBXBuildFile; fileRef = 57F3D2EF19B133B5005BCAE6 /* InfoPlist.strings */; };
		57F3D2F319B133B5005BCAE6 /* main.m in Sources */ = {isa = PBXBuildFile; fileRef = 57F3D2F219B133B5005BCAE6 /* main.m */; };
		57F3D2F719B133B5005BCAE6 /* AppDelegate.m in Sources */ = {isa = PBXBuildFile; fileRef = 57F3D2F619B133B5005BCAE6 /* AppDelegate.m */; };
		57F3D2FA19B133B5005BCAE6 /* Main.storyboard in Resources */ = {isa = PBXBuildFile; fileRef = 57F3D2F819B133B5005BCAE6 /* Main.storyboard */; };
		57F3D2FD19B133B5005BCAE6 /* ViewController.m in Sources */ = {isa = PBXBuildFile; fileRef = 57F3D2FC19B133B5005BCAE6 /* ViewController.m */; };
		57F3D2FF19B133B6005BCAE6 /* Images.xcassets in Resources */ = {isa = PBXBuildFile; fileRef = 57F3D2FE19B133B6005BCAE6 /* Images.xcassets */; };
		57F3D30619B133B6005BCAE6 /* XCTest.framework in Frameworks */ = {isa = PBXBuildFile; fileRef = 57F3D30519B133B6005BCAE6 /* XCTest.framework */; };
		57F3D30719B133B6005BCAE6 /* Foundation.framework in Frameworks */ = {isa = PBXBuildFile; fileRef = 57F3D2E619B133B5005BCAE6 /* Foundation.framework */; };
		57F3D30819B133B6005BCAE6 /* UIKit.framework in Frameworks */ = {isa = PBXBuildFile; fileRef = 57F3D2EA19B133B5005BCAE6 /* UIKit.framework */; };
		57F3D31019B133B6005BCAE6 /* InfoPlist.strings in Resources */ = {isa = PBXBuildFile; fileRef = 57F3D30E19B133B6005BCAE6 /* InfoPlist.strings */; };
		57F3D31219B133B6005BCAE6 /* AppComposicaoAudioVideoTests.m in Sources */ = {isa = PBXBuildFile; fileRef = 57F3D31119B133B6005BCAE6 /* AppComposicaoAudioVideoTests.m */; };
		57F3D31D19B133F6005BCAE6 /* meuFilme.m4v in Resources */ = {isa = PBXBuildFile; fileRef = 57F3D31B19B133F6005BCAE6 /* meuFilme.m4v */; };
		57F3D31E19B133F6005BCAE6 /* minhaMusica.m4a in Resources */ = {isa = PBXBuildFile; fileRef = 57F3D31C19B133F6005BCAE6 /* minhaMusica.m4a */; };
/* End PBXBuildFile section */

/* Begin PBXContainerItemProxy section */
		57F3D30919B133B6005BCAE6 /* PBXContainerItemProxy */ = {
			isa = PBXContainerItemProxy;
			containerPortal = 57F3D2DB19B133B5005BCAE6 /* Project object */;
			proxyType = 1;
			remoteGlobalIDString = 57F3D2E219B133B5005BCAE6;
			remoteInfo = AppComposicaoAudioVideo;
		};
/* End PBXContainerItemProxy section */

/* Begin PBXFileReference section */
		57F3D2E319B133B5005BCAE6 /* AppComposicaoAudioVideo.app */ = {isa = PBXFileReference; explicitFileType = wrapper.application; includeInIndex = 0; path = AppComposicaoAudioVideo.app; sourceTree = BUILT_PRODUCTS_DIR; };
		57F3D2E619B133B5005BCAE6 /* Foundation.framework */ = {isa = PBXFileReference; lastKnownFileType = wrapper.framework; name = Foundation.framework; path = System/Library/Frameworks/Foundation.framework; sourceTree = SDKROOT; };
		57F3D2E819B133B5005BCAE6 /* CoreGraphics.framework */ = {isa = PBXFileReference; lastKnownFileType = wrapper.framework; name = CoreGraphics.framework; path = System/Library/Frameworks/CoreGraphics.framework; sourceTree = SDKROOT; };
		57F3D2EA19B133B5005BCAE6 /* UIKit.framework */ = {isa = PBXFileReference; lastKnownFileType = wrapper.framework; name = UIKit.framework; path = System/Library/Frameworks/UIKit.framework; sourceTree = SDKROOT; };
		57F3D2EE19B133B5005BCAE6 /* AppComposicaoAudioVideo-Info.plist */ = {isa = PBXFileReference; lastKnownFileType = text.plist.xml; path = "AppComposicaoAudioVideo-Info.plist"; sourceTree = "<group>"; };
		57F3D2F019B133B5005BCAE6 /* en */ = {isa = PBXFileReference; lastKnownFileType = text.plist.strings; name = en; path = en.lproj/InfoPlist.strings; sourceTree = "<group>"; };
		57F3D2F219B133B5005BCAE6 /* main.m */ = {isa = PBXFileReference; lastKnownFileType = sourcecode.c.objc; path = main.m; sourceTree = "<group>"; };
		57F3D2F419B133B5005BCAE6 /* AppComposicaoAudioVideo-Prefix.pch */ = {isa = PBXFileReference; lastKnownFileType = sourcecode.c.h; path = "AppComposicaoAudioVideo-Prefix.pch"; sourceTree = "<group>"; };
		57F3D2F519B133B5005BCAE6 /* AppDelegate.h */ = {isa = PBXFileReference; lastKnownFileType = sourcecode.c.h; path = AppDelegate.h; sourceTree = "<group>"; };
		57F3D2F619B133B5005BCAE6 /* AppDelegate.m */ = {isa = PBXFileReference; lastKnownFileType = sourcecode.c.objc; path = AppDelegate.m; sourceTree = "<group>"; };
		57F3D2F919B133B5005BCAE6 /* Base */ = {isa = PBXFileReference; lastKnownFileType = file.storyboard; name = Base; path = Base.lproj/Main.storyboard; sourceTree = "<group>"; };
		57F3D2FB19B133B5005BCAE6 /* ViewController.h */ = {isa = PBXFileReference; lastKnownFileType = sourcecode.c.h; path = ViewController.h; sourceTree = "<group>"; };
		57F3D2FC19B133B5005BCAE6 /* ViewController.m */ = {isa = PBXFileReference; lastKnownFileType = sourcecode.c.objc; path = ViewController.m; sourceTree = "<group>"; };
		57F3D2FE19B133B6005BCAE6 /* Images.xcassets */ = {isa = PBXFileReference; lastKnownFileType = folder.assetcatalog; path = Images.xcassets; sourceTree = "<group>"; };
		57F3D30419B133B6005BCAE6 /* AppComposicaoAudioVideoTests.xctest */ = {isa = PBXFileReference; explicitFileType = wrapper.cfbundle; includeInIndex = 0; path = AppComposicaoAudioVideoTests.xctest; sourceTree = BUILT_PRODUCTS_DIR; };
		57F3D30519B133B6005BCAE6 /* XCTest.framework */ = {isa = PBXFileReference; lastKnownFileType = wrapper.framework; name = XCTest.framework; path = Library/Frameworks/XCTest.framework; sourceTree = DEVELOPER_DIR; };
		57F3D30D19B133B6005BCAE6 /* AppComposicaoAudioVideoTests-Info.plist */ = {isa = PBXFileReference; lastKnownFileType = text.plist.xml; path = "AppComposicaoAudioVideoTests-Info.plist"; sourceTree = "<group>"; };
		57F3D30F19B133B6005BCAE6 /* en */ = {isa = PBXFileReference; lastKnownFileType = text.plist.strings; name = en; path = en.lproj/InfoPlist.strings; sourceTree = "<group>"; };
		57F3D31119B133B6005BCAE6 /* AppComposicaoAudioVideoTests.m */ = {isa = PBXFileReference; lastKnownFileType = sourcecode.c.objc; path = AppComposicaoAudioVideoTests.m; sourceTree = "<group>"; };
		57F3D31B19B133F6005BCAE6 /* meuFilme.m4v */ = {isa = PBXFileReference; lastKnownFileType = file; name = meuFilme.m4v; path = ../../_SDK3_recursos/meuFilme.m4v; sourceTree = "<group>"; };
		57F3D31C19B133F6005BCAE6 /* minhaMusica.m4a */ = {isa = PBXFileReference; lastKnownFileType = file; name = minhaMusica.m4a; path = ../../_SDK3_recursos/minhaMusica.m4a; sourceTree = "<group>"; };
/* End PBXFileReference section */

/* Begin PBXFrameworksBuildPhase section */
		57F3D2E019B133B5005BCAE6 /* Frameworks */ = {
			isa = PBXFrameworksBuildPhase;
			buildActionMask = 2147483647;
			files = (
				57F3D2E919B133B5005BCAE6 /* CoreGraphics.framework in Frameworks */,
				57F3D2EB19B133B5005BCAE6 /* UIKit.framework in Frameworks */,
				57F3D2E719B133B5005BCAE6 /* Foundation.framework in Frameworks */,
			);
			runOnlyForDeploymentPostprocessing = 0;
		};
		57F3D30119B133B6005BCAE6 /* Frameworks */ = {
			isa = PBXFrameworksBuildPhase;
			buildActionMask = 2147483647;
			files = (
				57F3D30619B133B6005BCAE6 /* XCTest.framework in Frameworks */,
				57F3D30819B133B6005BCAE6 /* UIKit.framework in Frameworks */,
				57F3D30719B133B6005BCAE6 /* Foundation.framework in Frameworks */,
			);
			runOnlyForDeploymentPostprocessing = 0;
		};
/* End PBXFrameworksBuildPhase section */

/* Begin PBXGroup section */
		57F3D2DA19B133B5005BCAE6 = {
			isa = PBXGroup;
			children = (
				57F3D2EC19B133B5005BCAE6 /* AppComposicaoAudioVideo */,
				57F3D30B19B133B6005BCAE6 /* AppComposicaoAudioVideoTests */,
				57F3D2E519B133B5005BCAE6 /* Frameworks */,
				57F3D2E419B133B5005BCAE6 /* Products */,
			);
			sourceTree = "<group>";
		};
		57F3D2E419B133B5005BCAE6 /* Products */ = {
			isa = PBXGroup;
			children = (
				57F3D2E319B133B5005BCAE6 /* AppComposicaoAudioVideo.app */,
				57F3D30419B133B6005BCAE6 /* AppComposicaoAudioVideoTests.xctest */,
			);
			name = Products;
			sourceTree = "<group>";
		};
		57F3D2E519B133B5005BCAE6 /* Frameworks */ = {
			isa = PBXGroup;
			children = (
				57F3D2E619B133B5005BCAE6 /* Foundation.framework */,
				57F3D2E819B133B5005BCAE6 /* CoreGraphics.framework */,
				57F3D2EA19B133B5005BCAE6 /* UIKit.framework */,
				57F3D30519B133B6005BCAE6 /* XCTest.framework */,
			);
			name = Frameworks;
			sourceTree = "<group>";
		};
		57F3D2EC19B133B5005BCAE6 /* AppComposicaoAudioVideo */ = {
			isa = PBXGroup;
			children = (
				57F3D31F19B133FD005BCAE6 /* Media */,
				57F3D2F519B133B5005BCAE6 /* AppDelegate.h */,
				57F3D2F619B133B5005BCAE6 /* AppDelegate.m */,
				57F3D2F819B133B5005BCAE6 /* Main.storyboard */,
				57F3D2FB19B133B5005BCAE6 /* ViewController.h */,
				57F3D2FC19B133B5005BCAE6 /* ViewController.m */,
				57F3D2FE19B133B6005BCAE6 /* Images.xcassets */,
				57F3D2ED19B133B5005BCAE6 /* Supporting Files */,
			);
			path = AppComposicaoAudioVideo;
			sourceTree = "<group>";
		};
		57F3D2ED19B133B5005BCAE6 /* Supporting Files */ = {
			isa = PBXGroup;
			children = (
				57F3D2EE19B133B5005BCAE6 /* AppComposicaoAudioVideo-Info.plist */,
				57F3D2EF19B133B5005BCAE6 /* InfoPlist.strings */,
				57F3D2F219B133B5005BCAE6 /* main.m */,
				57F3D2F419B133B5005BCAE6 /* AppComposicaoAudioVideo-Prefix.pch */,
			);
			name = "Supporting Files";
			sourceTree = "<group>";
		};
		57F3D30B19B133B6005BCAE6 /* AppComposicaoAudioVideoTests */ = {
			isa = PBXGroup;
			children = (
				57F3D31119B133B6005BCAE6 /* AppComposicaoAudioVideoTests.m */,
				57F3D30C19B133B6005BCAE6 /* Supporting Files */,
			);
			path = AppComposicaoAudioVideoTests;
			sourceTree = "<group>";
		};
		57F3D30C19B133B6005BCAE6 /* Supporting Files */ = {
			isa = PBXGroup;
			children = (
				57F3D30D19B133B6005BCAE6 /* AppComposicaoAudioVideoTests-Info.plist */,
				57F3D30E19B133B6005BCAE6 /* InfoPlist.strings */,
			);
			name = "Supporting Files";
			sourceTree = "<group>";
		};
		57F3D31F19B133FD005BCAE6 /* Media */ = {
			isa = PBXGroup;
			children = (
				57F3D31B19B133F6005BCAE6 /* meuFilme.m4v */,
				57F3D31C19B133F6005BCAE6 /* minhaMusica.m4a */,
			);
			name = Media;
			sourceTree = "<group>";
		};
/* End PBXGroup section */

/* Begin PBXNativeTarget section */
		57F3D2E219B133B5005BCAE6 /* AppComposicaoAudioVideo */ = {
			isa = PBXNativeTarget;
			buildConfigurationList = 57F3D31519B133B6005BCAE6 /* Build configuration list for PBXNativeTarget "AppComposicaoAudioVideo" */;
			buildPhases = (
				57F3D2DF19B133B5005BCAE6 /* Sources */,
				57F3D2E019B133B5005BCAE6 /* Frameworks */,
				57F3D2E119B133B5005BCAE6 /* Resources */,
			);
			buildRules = (
			);
			dependencies = (
			);
			name = AppComposicaoAudioVideo;
			productName = AppComposicaoAudioVideo;
			productReference = 57F3D2E319B133B5005BCAE6 /* AppComposicaoAudioVideo.app */;
			productType = "com.apple.product-type.application";
		};
		57F3D30319B133B6005BCAE6 /* AppComposicaoAudioVideoTests */ = {
			isa = PBXNativeTarget;
			buildConfigurationList = 57F3D31819B133B6005BCAE6 /* Build configuration list for PBXNativeTarget "AppComposicaoAudioVideoTests" */;
			buildPhases = (
				57F3D30019B133B6005BCAE6 /* Sources */,
				57F3D30119B133B6005BCAE6 /* Frameworks */,
				57F3D30219B133B6005BCAE6 /* Resources */,
			);
			buildRules = (
			);
			dependencies = (
				57F3D30A19B133B6005BCAE6 /* PBXTargetDependency */,
			);
			name = AppComposicaoAudioVideoTests;
			productName = AppComposicaoAudioVideoTests;
			productReference = 57F3D30419B133B6005BCAE6 /* AppComposicaoAudioVideoTests.xctest */;
			productType = "com.apple.product-type.bundle.unit-test";
		};
/* End PBXNativeTarget section */

/* Begin PBXProject section */
		57F3D2DB19B133B5005BCAE6 /* Project object */ = {
			isa = PBXProject;
			attributes = {
				LastUpgradeCheck = 0510;
				ORGANIZATIONNAME = Claudio;
				TargetAttributes = {
					57F3D30319B133B6005BCAE6 = {
						TestTargetID = 57F3D2E219B133B5005BCAE6;
					};
				};
			};
			buildConfigurationList = 57F3D2DE19B133B5005BCAE6 /* Build configuration list for PBXProject "AppComposicaoAudioVideo" */;
			compatibilityVersion = "Xcode 3.2";
			developmentRegion = English;
			hasScannedForEncodings = 0;
			knownRegions = (
				en,
				Base,
			);
			mainGroup = 57F3D2DA19B133B5005BCAE6;
			productRefGroup = 57F3D2E419B133B5005BCAE6 /* Products */;
			projectDirPath = "";
			projectRoot = "";
			targets = (
				57F3D2E219B133B5005BCAE6 /* AppComposicaoAudioVideo */,
				57F3D30319B133B6005BCAE6 /* AppComposicaoAudioVideoTests */,
			);
		};
/* End PBXProject section */

/* Begin PBXResourcesBuildPhase section */
		57F3D2E119B133B5005BCAE6 /* Resources */ = {
			isa = PBXResourcesBuildPhase;
			buildActionMask = 2147483647;
			files = (
				57F3D2FF19B133B6005BCAE6 /* Images.xcassets in Resources */,
				57F3D31D19B133F6005BCAE6 /* meuFilme.m4v in Resources */,
				57F3D31E19B133F6005BCAE6 /* minhaMusica.m4a in Resources */,
				57F3D2F119B133B5005BCAE6 /* InfoPlist.strings in Resources */,
				57F3D2FA19B133B5005BCAE6 /* Main.storyboard in Resources */,
			);
			runOnlyForDeploymentPostprocessing = 0;
		};
		57F3D30219B133B6005BCAE6 /* Resources */ = {
			isa = PBXResourcesBuildPhase;
			buildActionMask = 2147483647;
			files = (
				57F3D31019B133B6005BCAE6 /* InfoPlist.strings in Resources */,
			);
			runOnlyForDeploymentPostprocessing = 0;
		};
/* End PBXResourcesBuildPhase section */

/* Begin PBXSourcesBuildPhase section */
		57F3D2DF19B133B5005BCAE6 /* Sources */ = {
			isa = PBXSourcesBuildPhase;
			buildActionMask = 2147483647;
			files = (
				57F3D2FD19B133B5005BCAE6 /* ViewController.m in Sources */,
				57F3D2F719B133B5005BCAE6 /* AppDelegate.m in Sources */,
				57F3D2F319B133B5005BCAE6 /* main.m in Sources */,
			);
			runOnlyForDeploymentPostprocessing = 0;
		};
		57F3D30019B133B6005BCAE6 /* Sources */ = {
			isa = PBXSourcesBuildPhase;
			buildActionMask = 2147483647;
			files = (
				57F3D31219B133B6005BCAE6 /* AppComposicaoAudioVideoTests.m in Sources */,
			);
			runOnlyForDeploymentPostprocessing = 0;
		};
/* End PBXSourcesBuildPhase section */

/* Begin PBXTargetDependency section */
		57F3D30A19B133B6005BCAE6 /* PBXTargetDependency */ = {
			isa = PBXTargetDependency;
			target = 57F3D2E219B133B5005BCAE6 /* AppComposicaoAudioVideo */;
			targetProxy = 57F3D30919B133B6005BCAE6 /* PBXContainerItemProxy */;
		};
/* End PBXTargetDependency section */

/* Begin PBXVariantGroup section */
		57F3D2EF19B133B5005BCAE6 /* InfoPlist.strings */ = {
			isa = PBXVariantGroup;
			children = (
				57F3D2F019B133B5005BCAE6 /* en */,
			);
			name = InfoPlist.strings;
			sourceTree = "<group>";
		};
		57F3D2F819B133B5005BCAE6 /* Main.storyboard */ = {
			isa = PBXVariantGroup;
			children = (
				57F3D2F919B133B5005BCAE6 /* Base */,
			);
			name = Main.storyboard;
			sourceTree = "<group>";
		};
		57F3D30E19B133B6005BCAE6 /* InfoPlist.strings */ = {
			isa = PBXVariantGroup;
			children = (
				57F3D30F19B133B6005BCAE6 /* en */,
			);
			name = InfoPlist.strings;
			sourceTree = "<group>";
		};
/* End PBXVariantGroup section */

/* Begin XCBuildConfiguration section */
		57F3D31319B133B6005BCAE6 /* Debug */ = {
			isa = XCBuildConfiguration;
			buildSettings = {
				ALWAYS_SEARCH_USER_PATHS = NO;
				CLANG_CXX_LANGUAGE_STANDARD = "gnu++0x";
				CLANG_CXX_LIBRARY = "libc++";
				CLANG_ENABLE_MODULES = YES;
				CLANG_ENABLE_OBJC_ARC = YES;
				CLANG_WARN_BOOL_CONVERSION = YES;
				CLANG_WARN_CONSTANT_CONVERSION = YES;
				CLANG_WARN_DIRECT_OBJC_ISA_USAGE = YES_ERROR;
				CLANG_WARN_EMPTY_BODY = YES;
				CLANG_WARN_ENUM_CONVERSION = YES;
				CLANG_WARN_INT_CONVERSION = YES;
				CLANG_WARN_OBJC_ROOT_CLASS = YES_ERROR;
				CLANG_WARN__DUPLICATE_METHOD_MATCH = YES;
				"CODE_SIGN_IDENTITY[sdk=iphoneos*]" = "iPhone Developer";
				COPY_PHASE_STRIP = NO;
				GCC_C_LANGUAGE_STANDARD = gnu99;
				GCC_DYNAMIC_NO_PIC = NO;
				GCC_OPTIMIZATION_LEVEL = 0;
				GCC_PREPROCESSOR_DEFINITIONS = (
					"DEBUG=1",
					"$(inherited)",
				);
				GCC_SYMBOLS_PRIVATE_EXTERN = NO;
				GCC_WARN_64_TO_32_BIT_CONVERSION = YES;
				GCC_WARN_ABOUT_RETURN_TYPE = YES_ERROR;
				GCC_WARN_UNDECLARED_SELECTOR = YES;
				GCC_WARN_UNINITIALIZED_AUTOS = YES_AGGRESSIVE;
				GCC_WARN_UNUSED_FUNCTION = YES;
				GCC_WARN_UNUSED_VARIABLE = YES;
				IPHONEOS_DEPLOYMENT_TARGET = 7.1;
				ONLY_ACTIVE_ARCH = YES;
				SDKROOT = iphoneos;
			};
			name = Debug;
		};
		57F3D31419B133B6005BCAE6 /* Release */ = {
			isa = XCBuildConfiguration;
			buildSettings = {
				ALWAYS_SEARCH_USER_PATHS = NO;
				CLANG_CXX_LANGUAGE_STANDARD = "gnu++0x";
				CLANG_CXX_LIBRARY = "libc++";
				CLANG_ENABLE_MODULES = YES;
				CLANG_ENABLE_OBJC_ARC = YES;
				CLANG_WARN_BOOL_CONVERSION = YES;
				CLANG_WARN_CONSTANT_CONVERSION = YES;
				CLANG_WARN_DIRECT_OBJC_ISA_USAGE = YES_ERROR;
				CLANG_WARN_EMPTY_BODY = YES;
				CLANG_WARN_ENUM_CONVERSION = YES;
				CLANG_WARN_INT_CONVERSION = YES;
				CLANG_WARN_OBJC_ROOT_CLASS = YES_ERROR;
				CLANG_WARN__DUPLICATE_METHOD_MATCH = YES;
				"CODE_SIGN_IDENTITY[sdk=iphoneos*]" = "iPhone Developer";
				COPY_PHASE_STRIP = YES;
				ENABLE_NS_ASSERTIONS = NO;
				GCC_C_LANGUAGE_STANDARD = gnu99;
				GCC_WARN_64_TO_32_BIT_CONVERSION = YES;
				GCC_WARN_ABOUT_RETURN_TYPE = YES_ERROR;
				GCC_WARN_UNDECLARED_SELECTOR = YES;
				GCC_WARN_UNINITIALIZED_AUTOS = YES_AGGRESSIVE;
				GCC_WARN_UNUSED_FUNCTION = YES;
				GCC_WARN_UNUSED_VARIABLE = YES;
				IPHONEOS_DEPLOYMENT_TARGET = 7.1;
				SDKROOT = iphoneos;
				VALIDATE_PRODUCT = YES;
			};
			name = Release;
		};
		57F3D31619B133B6005BCAE6 /* Debug */ = {
			isa = XCBuildConfiguration;
			buildSettings = {
				ASSETCATALOG_COMPILER_APPICON_NAME = AppIcon;
				ASSETCATALOG_COMPILER_LAUNCHIMAGE_NAME = LaunchImage;
				GCC_PRECOMPILE_PREFIX_HEADER = YES;
				GCC_PREFIX_HEADER = "AppComposicaoAudioVideo/AppComposicaoAudioVideo-Prefix.pch";
				INFOPLIST_FILE = "AppComposicaoAudioVideo/AppComposicaoAudioVideo-Info.plist";
				PRODUCT_NAME = "$(TARGET_NAME)";
				WRAPPER_EXTENSION = app;
			};
			name = Debug;
		};
		57F3D31719B133B6005BCAE6 /* Release */ = {
			isa = XCBuildConfiguration;
			buildSettings = {
				ASSETCATALOG_COMPILER_APPICON_NAME = AppIcon;
				ASSETCATALOG_COMPILER_LAUNCHIMAGE_NAME = LaunchImage;
				GCC_PRECOMPILE_PREFIX_HEADER = YES;
				GCC_PREFIX_HEADER = "AppComposicaoAudioVideo/AppComposicaoAudioVideo-Prefix.pch";
				INFOPLIST_FILE = "AppComposicaoAudioVideo/AppComposicaoAudioVideo-Info.plist";
				PRODUCT_NAME = "$(TARGET_NAME)";
				WRAPPER_EXTENSION = app;
			};
			name = Release;
		};
		57F3D31919B133B6005BCAE6 /* Debug */ = {
			isa = XCBuildConfiguration;
			buildSettings = {
				BUNDLE_LOADER = "$(BUILT_PRODUCTS_DIR)/AppComposicaoAudioVideo.app/AppComposicaoAudioVideo";
				FRAMEWORK_SEARCH_PATHS = (
					"$(SDKROOT)/Developer/Library/Frameworks",
					"$(inherited)",
					"$(DEVELOPER_FRAMEWORKS_DIR)",
				);
				GCC_PRECOMPILE_PREFIX_HEADER = YES;
				GCC_PREFIX_HEADER = "AppComposicaoAudioVideo/AppComposicaoAudioVideo-Prefix.pch";
				GCC_PREPROCESSOR_DEFINITIONS = (
					"DEBUG=1",
					"$(inherited)",
				);
				INFOPLIST_FILE = "AppComposicaoAudioVideoTests/AppComposicaoAudioVideoTests-Info.plist";
				PRODUCT_NAME = "$(TARGET_NAME)";
				TEST_HOST = "$(BUNDLE_LOADER)";
				WRAPPER_EXTENSION = xctest;
			};
			name = Debug;
		};
		57F3D31A19B133B6005BCAE6 /* Release */ = {
			isa = XCBuildConfiguration;
			buildSettings = {
				BUNDLE_LOADER = "$(BUILT_PRODUCTS_DIR)/AppComposicaoAudioVideo.app/AppComposicaoAudioVideo";
				FRAMEWORK_SEARCH_PATHS = (
					"$(SDKROOT)/Developer/Library/Frameworks",
					"$(inherited)",
					"$(DEVELOPER_FRAMEWORKS_DIR)",
				);
				GCC_PRECOMPILE_PREFIX_HEADER = YES;
				GCC_PREFIX_HEADER = "AppComposicaoAudioVideo/AppComposicaoAudioVideo-Prefix.pch";
				INFOPLIST_FILE = "AppComposicaoAudioVideoTests/AppComposicaoAudioVideoTests-Info.plist";
				PRODUCT_NAME = "$(TARGET_NAME)";
				TEST_HOST = "$(BUNDLE_LOADER)";
				WRAPPER_EXTENSION = xctest;
			};
			name = Release;
		};
/* End XCBuildConfiguration section */

/* Begin XCConfigurationList section */
		57F3D2DE19B133B5005BCAE6 /* Build configuration list for PBXProject "AppComposicaoAudioVideo" */ = {
			isa = XCConfigurationList;
			buildConfigurations = (
				57F3D31319B133B6005BCAE6 /* Debug */,
				57F3D31419B133B6005BCAE6 /* Release */,
			);
			defaultConfigurationIsVisible = 0;
			defaultConfigurationName = Release;
		};
		57F3D31519B133B6005BCAE6 /* Build configuration list for PBXNativeTarget "AppComposicaoAudioVideo" */ = {
			isa = XCConfigurationList;
			buildConfigurations = (
				57F3D31619B133B6005BCAE6 /* Debug */,
				57F3D31719B133B6005BCAE6 /* Release */,
			);
			defaultConfigurationIsVisible = 0;
		};
		57F3D31819B133B6005BCAE6 /* Build configuration list for PBXNativeTarget "AppComposicaoAudioVideoTests" */ = {
			isa = XCConfigurationList;
			buildConfigurations = (
				57F3D31919B133B6005BCAE6 /* Debug */,
				57F3D31A19B133B6005BCAE6 /* Release */,
			);
			defaultConfigurationIsVisible = 0;
		};
/* End XCConfigurationList section */
	};
	rootObject = 57F3D2DB19B133B5005BCAE6 /* Project object */;
}
