// !$*UTF8*$!
{
	archiveVersion = 1;
	classes = {
	};
	objectVersion = 46;
	objects = {

/* Begin PBXBuildFile section */
		57E29F3019ABEDAE008FD220 /* Foundation.framework in Frameworks */ = {isa = PBXBuildFile; fileRef = 57E29F2F19ABEDAE008FD220 /* Foundation.framework */; };
		57E29F3219ABEDAE008FD220 /* CoreGraphics.framework in Frameworks */ = {isa = PBXBuildFile; fileRef = 57E29F3119ABEDAE008FD220 /* CoreGraphics.framework */; };
		57E29F3419ABEDAE008FD220 /* UIKit.framework in Frameworks */ = {isa = PBXBuildFile; fileRef = 57E29F3319ABEDAE008FD220 /* UIKit.framework */; };
		57E29F3A19ABEDAE008FD220 /* InfoPlist.strings in Resources */ = {isa = PBXBuildFile; fileRef = 57E29F3819ABEDAE008FD220 /* InfoPlist.strings */; };
		57E29F3C19ABEDAE008FD220 /* main.m in Sources */ = {isa = PBXBuildFile; fileRef = 57E29F3B19ABEDAE008FD220 /* main.m */; };
		57E29F4019ABEDAE008FD220 /* AppDelegate.m in Sources */ = {isa = PBXBuildFile; fileRef = 57E29F3F19ABEDAE008FD220 /* AppDelegate.m */; };
		57E29F4319ABEDAE008FD220 /* Main.storyboard in Resources */ = {isa = PBXBuildFile; fileRef = 57E29F4119ABEDAE008FD220 /* Main.storyboard */; };
		57E29F4619ABEDAE008FD220 /* ViewController.m in Sources */ = {isa = PBXBuildFile; fileRef = 57E29F4519ABEDAE008FD220 /* ViewController.m */; };
		57E29F4819ABEDAE008FD220 /* Images.xcassets in Resources */ = {isa = PBXBuildFile; fileRef = 57E29F4719ABEDAE008FD220 /* Images.xcassets */; };
		57E29F4F19ABEDAE008FD220 /* XCTest.framework in Frameworks */ = {isa = PBXBuildFile; fileRef = 57E29F4E19ABEDAE008FD220 /* XCTest.framework */; };
		57E29F5019ABEDAE008FD220 /* Foundation.framework in Frameworks */ = {isa = PBXBuildFile; fileRef = 57E29F2F19ABEDAE008FD220 /* Foundation.framework */; };
		57E29F5119ABEDAE008FD220 /* UIKit.framework in Frameworks */ = {isa = PBXBuildFile; fileRef = 57E29F3319ABEDAE008FD220 /* UIKit.framework */; };
		57E29F5919ABEDAE008FD220 /* InfoPlist.strings in Resources */ = {isa = PBXBuildFile; fileRef = 57E29F5719ABEDAE008FD220 /* InfoPlist.strings */; };
		57E29F5B19ABEDAE008FD220 /* AppGravadorPlayerTests.m in Sources */ = {isa = PBXBuildFile; fileRef = 57E29F5A19ABEDAE008FD220 /* AppGravadorPlayerTests.m */; };
/* End PBXBuildFile section */

/* Begin PBXContainerItemProxy section */
		57E29F5219ABEDAE008FD220 /* PBXContainerItemProxy */ = {
			isa = PBXContainerItemProxy;
			containerPortal = 57E29F2419ABEDAE008FD220 /* Project object */;
			proxyType = 1;
			remoteGlobalIDString = 57E29F2B19ABEDAE008FD220;
			remoteInfo = AppGravadorPlayer;
		};
/* End PBXContainerItemProxy section */

/* Begin PBXFileReference section */
		57E29F2C19ABEDAE008FD220 /* AppGravadorPlayer.app */ = {isa = PBXFileReference; explicitFileType = wrapper.application; includeInIndex = 0; path = AppGravadorPlayer.app; sourceTree = BUILT_PRODUCTS_DIR; };
		57E29F2F19ABEDAE008FD220 /* Foundation.framework */ = {isa = PBXFileReference; lastKnownFileType = wrapper.framework; name = Foundation.framework; path = System/Library/Frameworks/Foundation.framework; sourceTree = SDKROOT; };
		57E29F3119ABEDAE008FD220 /* CoreGraphics.framework */ = {isa = PBXFileReference; lastKnownFileType = wrapper.framework; name = CoreGraphics.framework; path = System/Library/Frameworks/CoreGraphics.framework; sourceTree = SDKROOT; };
		57E29F3319ABEDAE008FD220 /* UIKit.framework */ = {isa = PBXFileReference; lastKnownFileType = wrapper.framework; name = UIKit.framework; path = System/Library/Frameworks/UIKit.framework; sourceTree = SDKROOT; };
		57E29F3719ABEDAE008FD220 /* AppGravadorPlayer-Info.plist */ = {isa = PBXFileReference; lastKnownFileType = text.plist.xml; path = "AppGravadorPlayer-Info.plist"; sourceTree = "<group>"; };
		57E29F3919ABEDAE008FD220 /* en */ = {isa = PBXFileReference; lastKnownFileType = text.plist.strings; name = en; path = en.lproj/InfoPlist.strings; sourceTree = "<group>"; };
		57E29F3B19ABEDAE008FD220 /* main.m */ = {isa = PBXFileReference; lastKnownFileType = sourcecode.c.objc; path = main.m; sourceTree = "<group>"; };
		57E29F3D19ABEDAE008FD220 /* AppGravadorPlayer-Prefix.pch */ = {isa = PBXFileReference; lastKnownFileType = sourcecode.c.h; path = "AppGravadorPlayer-Prefix.pch"; sourceTree = "<group>"; };
		57E29F3E19ABEDAE008FD220 /* AppDelegate.h */ = {isa = PBXFileReference; lastKnownFileType = sourcecode.c.h; path = AppDelegate.h; sourceTree = "<group>"; };
		57E29F3F19ABEDAE008FD220 /* AppDelegate.m */ = {isa = PBXFileReference; lastKnownFileType = sourcecode.c.objc; path = AppDelegate.m; sourceTree = "<group>"; };
		57E29F4219ABEDAE008FD220 /* Base */ = {isa = PBXFileReference; lastKnownFileType = file.storyboard; name = Base; path = Base.lproj/Main.storyboard; sourceTree = "<group>"; };
		57E29F4419ABEDAE008FD220 /* ViewController.h */ = {isa = PBXFileReference; lastKnownFileType = sourcecode.c.h; path = ViewController.h; sourceTree = "<group>"; };
		57E29F4519ABEDAE008FD220 /* ViewController.m */ = {isa = PBXFileReference; lastKnownFileType = sourcecode.c.objc; path = ViewController.m; sourceTree = "<group>"; };
		57E29F4719ABEDAE008FD220 /* Images.xcassets */ = {isa = PBXFileReference; lastKnownFileType = folder.assetcatalog; path = Images.xcassets; sourceTree = "<group>"; };
		57E29F4D19ABEDAE008FD220 /* AppGravadorPlayerTests.xctest */ = {isa = PBXFileReference; explicitFileType = wrapper.cfbundle; includeInIndex = 0; path = AppGravadorPlayerTests.xctest; sourceTree = BUILT_PRODUCTS_DIR; };
		57E29F4E19ABEDAE008FD220 /* XCTest.framework */ = {isa = PBXFileReference; lastKnownFileType = wrapper.framework; name = XCTest.framework; path = Library/Frameworks/XCTest.framework; sourceTree = DEVELOPER_DIR; };
		57E29F5619ABEDAE008FD220 /* AppGravadorPlayerTests-Info.plist */ = {isa = PBXFileReference; lastKnownFileType = text.plist.xml; path = "AppGravadorPlayerTests-Info.plist"; sourceTree = "<group>"; };
		57E29F5819ABEDAE008FD220 /* en */ = {isa = PBXFileReference; lastKnownFileType = text.plist.strings; name = en; path = en.lproj/InfoPlist.strings; sourceTree = "<group>"; };
		57E29F5A19ABEDAE008FD220 /* AppGravadorPlayerTests.m */ = {isa = PBXFileReference; lastKnownFileType = sourcecode.c.objc; path = AppGravadorPlayerTests.m; sourceTree = "<group>"; };
/* End PBXFileReference section */

/* Begin PBXFrameworksBuildPhase section */
		57E29F2919ABEDAE008FD220 /* Frameworks */ = {
			isa = PBXFrameworksBuildPhase;
			buildActionMask = 2147483647;
			files = (
				57E29F3219ABEDAE008FD220 /* CoreGraphics.framework in Frameworks */,
				57E29F3419ABEDAE008FD220 /* UIKit.framework in Frameworks */,
				57E29F3019ABEDAE008FD220 /* Foundation.framework in Frameworks */,
			);
			runOnlyForDeploymentPostprocessing = 0;
		};
		57E29F4A19ABEDAE008FD220 /* Frameworks */ = {
			isa = PBXFrameworksBuildPhase;
			buildActionMask = 2147483647;
			files = (
				57E29F4F19ABEDAE008FD220 /* XCTest.framework in Frameworks */,
				57E29F5119ABEDAE008FD220 /* UIKit.framework in Frameworks */,
				57E29F5019ABEDAE008FD220 /* Foundation.framework in Frameworks */,
			);
			runOnlyForDeploymentPostprocessing = 0;
		};
/* End PBXFrameworksBuildPhase section */

/* Begin PBXGroup section */
		57E29F2319ABEDAE008FD220 = {
			isa = PBXGroup;
			children = (
				57E29F3519ABEDAE008FD220 /* AppGravadorPlayer */,
				57E29F5419ABEDAE008FD220 /* AppGravadorPlayerTests */,
				57E29F2E19ABEDAE008FD220 /* Frameworks */,
				57E29F2D19ABEDAE008FD220 /* Products */,
			);
			sourceTree = "<group>";
		};
		57E29F2D19ABEDAE008FD220 /* Products */ = {
			isa = PBXGroup;
			children = (
				57E29F2C19ABEDAE008FD220 /* AppGravadorPlayer.app */,
				57E29F4D19ABEDAE008FD220 /* AppGravadorPlayerTests.xctest */,
			);
			name = Products;
			sourceTree = "<group>";
		};
		57E29F2E19ABEDAE008FD220 /* Frameworks */ = {
			isa = PBXGroup;
			children = (
				57E29F2F19ABEDAE008FD220 /* Foundation.framework */,
				57E29F3119ABEDAE008FD220 /* CoreGraphics.framework */,
				57E29F3319ABEDAE008FD220 /* UIKit.framework */,
				57E29F4E19ABEDAE008FD220 /* XCTest.framework */,
			);
			name = Frameworks;
			sourceTree = "<group>";
		};
		57E29F3519ABEDAE008FD220 /* AppGravadorPlayer */ = {
			isa = PBXGroup;
			children = (
				57E29F3E19ABEDAE008FD220 /* AppDelegate.h */,
				57E29F3F19ABEDAE008FD220 /* AppDelegate.m */,
				57E29F4119ABEDAE008FD220 /* Main.storyboard */,
				57E29F4419ABEDAE008FD220 /* ViewController.h */,
				57E29F4519ABEDAE008FD220 /* ViewController.m */,
				57E29F4719ABEDAE008FD220 /* Images.xcassets */,
				57E29F3619ABEDAE008FD220 /* Supporting Files */,
			);
			path = AppGravadorPlayer;
			sourceTree = "<group>";
		};
		57E29F3619ABEDAE008FD220 /* Supporting Files */ = {
			isa = PBXGroup;
			children = (
				57E29F3719ABEDAE008FD220 /* AppGravadorPlayer-Info.plist */,
				57E29F3819ABEDAE008FD220 /* InfoPlist.strings */,
				57E29F3B19ABEDAE008FD220 /* main.m */,
				57E29F3D19ABEDAE008FD220 /* AppGravadorPlayer-Prefix.pch */,
			);
			name = "Supporting Files";
			sourceTree = "<group>";
		};
		57E29F5419ABEDAE008FD220 /* AppGravadorPlayerTests */ = {
			isa = PBXGroup;
			children = (
				57E29F5A19ABEDAE008FD220 /* AppGravadorPlayerTests.m */,
				57E29F5519ABEDAE008FD220 /* Supporting Files */,
			);
			path = AppGravadorPlayerTests;
			sourceTree = "<group>";
		};
		57E29F5519ABEDAE008FD220 /* Supporting Files */ = {
			isa = PBXGroup;
			children = (
				57E29F5619ABEDAE008FD220 /* AppGravadorPlayerTests-Info.plist */,
				57E29F5719ABEDAE008FD220 /* InfoPlist.strings */,
			);
			name = "Supporting Files";
			sourceTree = "<group>";
		};
/* End PBXGroup section */

/* Begin PBXNativeTarget section */
		57E29F2B19ABEDAE008FD220 /* AppGravadorPlayer */ = {
			isa = PBXNativeTarget;
			buildConfigurationList = 57E29F5E19ABEDAE008FD220 /* Build configuration list for PBXNativeTarget "AppGravadorPlayer" */;
			buildPhases = (
				57E29F2819ABEDAE008FD220 /* Sources */,
				57E29F2919ABEDAE008FD220 /* Frameworks */,
				57E29F2A19ABEDAE008FD220 /* Resources */,
			);
			buildRules = (
			);
			dependencies = (
			);
			name = AppGravadorPlayer;
			productName = AppGravadorPlayer;
			productReference = 57E29F2C19ABEDAE008FD220 /* AppGravadorPlayer.app */;
			productType = "com.apple.product-type.application";
		};
		57E29F4C19ABEDAE008FD220 /* AppGravadorPlayerTests */ = {
			isa = PBXNativeTarget;
			buildConfigurationList = 57E29F6119ABEDAE008FD220 /* Build configuration list for PBXNativeTarget "AppGravadorPlayerTests" */;
			buildPhases = (
				57E29F4919ABEDAE008FD220 /* Sources */,
				57E29F4A19ABEDAE008FD220 /* Frameworks */,
				57E29F4B19ABEDAE008FD220 /* Resources */,
			);
			buildRules = (
			);
			dependencies = (
				57E29F5319ABEDAE008FD220 /* PBXTargetDependency */,
			);
			name = AppGravadorPlayerTests;
			productName = AppGravadorPlayerTests;
			productReference = 57E29F4D19ABEDAE008FD220 /* AppGravadorPlayerTests.xctest */;
			productType = "com.apple.product-type.bundle.unit-test";
		};
/* End PBXNativeTarget section */

/* Begin PBXProject section */
		57E29F2419ABEDAE008FD220 /* Project object */ = {
			isa = PBXProject;
			attributes = {
				LastUpgradeCheck = 0510;
				ORGANIZATIONNAME = Claudio;
				TargetAttributes = {
					57E29F4C19ABEDAE008FD220 = {
						TestTargetID = 57E29F2B19ABEDAE008FD220;
					};
				};
			};
			buildConfigurationList = 57E29F2719ABEDAE008FD220 /* Build configuration list for PBXProject "AppGravadorPlayer" */;
			compatibilityVersion = "Xcode 3.2";
			developmentRegion = English;
			hasScannedForEncodings = 0;
			knownRegions = (
				en,
				Base,
			);
			mainGroup = 57E29F2319ABEDAE008FD220;
			productRefGroup = 57E29F2D19ABEDAE008FD220 /* Products */;
			projectDirPath = "";
			projectRoot = "";
			targets = (
				57E29F2B19ABEDAE008FD220 /* AppGravadorPlayer */,
				57E29F4C19ABEDAE008FD220 /* AppGravadorPlayerTests */,
			);
		};
/* End PBXProject section */

/* Begin PBXResourcesBuildPhase section */
		57E29F2A19ABEDAE008FD220 /* Resources */ = {
			isa = PBXResourcesBuildPhase;
			buildActionMask = 2147483647;
			files = (
				57E29F4819ABEDAE008FD220 /* Images.xcassets in Resources */,
				57E29F3A19ABEDAE008FD220 /* InfoPlist.strings in Resources */,
				57E29F4319ABEDAE008FD220 /* Main.storyboard in Resources */,
			);
			runOnlyForDeploymentPostprocessing = 0;
		};
		57E29F4B19ABEDAE008FD220 /* Resources */ = {
			isa = PBXResourcesBuildPhase;
			buildActionMask = 2147483647;
			files = (
				57E29F5919ABEDAE008FD220 /* InfoPlist.strings in Resources */,
			);
			runOnlyForDeploymentPostprocessing = 0;
		};
/* End PBXResourcesBuildPhase section */

/* Begin PBXSourcesBuildPhase section */
		57E29F2819ABEDAE008FD220 /* Sources */ = {
			isa = PBXSourcesBuildPhase;
			buildActionMask = 2147483647;
			files = (
				57E29F4619ABEDAE008FD220 /* ViewController.m in Sources */,
				57E29F4019ABEDAE008FD220 /* AppDelegate.m in Sources */,
				57E29F3C19ABEDAE008FD220 /* main.m in Sources */,
			);
			runOnlyForDeploymentPostprocessing = 0;
		};
		57E29F4919ABEDAE008FD220 /* Sources */ = {
			isa = PBXSourcesBuildPhase;
			buildActionMask = 2147483647;
			files = (
				57E29F5B19ABEDAE008FD220 /* AppGravadorPlayerTests.m in Sources */,
			);
			runOnlyForDeploymentPostprocessing = 0;
		};
/* End PBXSourcesBuildPhase section */

/* Begin PBXTargetDependency section */
		57E29F5319ABEDAE008FD220 /* PBXTargetDependency */ = {
			isa = PBXTargetDependency;
			target = 57E29F2B19ABEDAE008FD220 /* AppGravadorPlayer */;
			targetProxy = 57E29F5219ABEDAE008FD220 /* PBXContainerItemProxy */;
		};
/* End PBXTargetDependency section */

/* Begin PBXVariantGroup section */
		57E29F3819ABEDAE008FD220 /* InfoPlist.strings */ = {
			isa = PBXVariantGroup;
			children = (
				57E29F3919ABEDAE008FD220 /* en */,
			);
			name = InfoPlist.strings;
			sourceTree = "<group>";
		};
		57E29F4119ABEDAE008FD220 /* Main.storyboard */ = {
			isa = PBXVariantGroup;
			children = (
				57E29F4219ABEDAE008FD220 /* Base */,
			);
			name = Main.storyboard;
			sourceTree = "<group>";
		};
		57E29F5719ABEDAE008FD220 /* InfoPlist.strings */ = {
			isa = PBXVariantGroup;
			children = (
				57E29F5819ABEDAE008FD220 /* en */,
			);
			name = InfoPlist.strings;
			sourceTree = "<group>";
		};
/* End PBXVariantGroup section */

/* Begin XCBuildConfiguration section */
		57E29F5C19ABEDAE008FD220 /* Debug */ = {
			isa = XCBuildConfiguration;
			buildSettings = {
				ALWAYS_SEARCH_USER_PATHS = NO;
				CLANG_CXX_LANGUAGE_STANDARD = "gnu++0x";
				CLANG_CXX_LIBRARY = "libc++";
				CLANG_ENABLE_MODULES = YES;
				CLANG_ENABLE_OBJC_ARC = YES;
				CLANG_WARN_BOOL_CONVERSION = YES;
				CLANG_WARN_CONSTANT_CONVERSION = YES;
				CLANG_WARN_DIRECT_OBJC_ISA_USAGE = YES_ERROR;
				CLANG_WARN_EMPTY_BODY = YES;
				CLANG_WARN_ENUM_CONVERSION = YES;
				CLANG_WARN_INT_CONVERSION = YES;
				CLANG_WARN_OBJC_ROOT_CLASS = YES_ERROR;
				CLANG_WARN__DUPLICATE_METHOD_MATCH = YES;
				"CODE_SIGN_IDENTITY[sdk=iphoneos*]" = "iPhone Developer";
				COPY_PHASE_STRIP = NO;
				GCC_C_LANGUAGE_STANDARD = gnu99;
				GCC_DYNAMIC_NO_PIC = NO;
				GCC_OPTIMIZATION_LEVEL = 0;
				GCC_PREPROCESSOR_DEFINITIONS = (
					"DEBUG=1",
					"$(inherited)",
				);
				GCC_SYMBOLS_PRIVATE_EXTERN = NO;
				GCC_WARN_64_TO_32_BIT_CONVERSION = YES;
				GCC_WARN_ABOUT_RETURN_TYPE = YES_ERROR;
				GCC_WARN_UNDECLARED_SELECTOR = YES;
				GCC_WARN_UNINITIALIZED_AUTOS = YES_AGGRESSIVE;
				GCC_WARN_UNUSED_FUNCTION = YES;
				GCC_WARN_UNUSED_VARIABLE = YES;
				IPHONEOS_DEPLOYMENT_TARGET = 7.1;
				ONLY_ACTIVE_ARCH = YES;
				SDKROOT = iphoneos;
			};
			name = Debug;
		};
		57E29F5D19ABEDAE008FD220 /* Release */ = {
			isa = XCBuildConfiguration;
			buildSettings = {
				ALWAYS_SEARCH_USER_PATHS = NO;
				CLANG_CXX_LANGUAGE_STANDARD = "gnu++0x";
				CLANG_CXX_LIBRARY = "libc++";
				CLANG_ENABLE_MODULES = YES;
				CLANG_ENABLE_OBJC_ARC = YES;
				CLANG_WARN_BOOL_CONVERSION = YES;
				CLANG_WARN_CONSTANT_CONVERSION = YES;
				CLANG_WARN_DIRECT_OBJC_ISA_USAGE = YES_ERROR;
				CLANG_WARN_EMPTY_BODY = YES;
				CLANG_WARN_ENUM_CONVERSION = YES;
				CLANG_WARN_INT_CONVERSION = YES;
				CLANG_WARN_OBJC_ROOT_CLASS = YES_ERROR;
				CLANG_WARN__DUPLICATE_METHOD_MATCH = YES;
				"CODE_SIGN_IDENTITY[sdk=iphoneos*]" = "iPhone Developer";
				COPY_PHASE_STRIP = YES;
				ENABLE_NS_ASSERTIONS = NO;
				GCC_C_LANGUAGE_STANDARD = gnu99;
				GCC_WARN_64_TO_32_BIT_CONVERSION = YES;
				GCC_WARN_ABOUT_RETURN_TYPE = YES_ERROR;
				GCC_WARN_UNDECLARED_SELECTOR = YES;
				GCC_WARN_UNINITIALIZED_AUTOS = YES_AGGRESSIVE;
				GCC_WARN_UNUSED_FUNCTION = YES;
				GCC_WARN_UNUSED_VARIABLE = YES;
				IPHONEOS_DEPLOYMENT_TARGET = 7.1;
				SDKROOT = iphoneos;
				VALIDATE_PRODUCT = YES;
			};
			name = Release;
		};
		57E29F5F19ABEDAE008FD220 /* Debug */ = {
			isa = XCBuildConfiguration;
			buildSettings = {
				ASSETCATALOG_COMPILER_APPICON_NAME = AppIcon;
				ASSETCATALOG_COMPILER_LAUNCHIMAGE_NAME = LaunchImage;
				GCC_PRECOMPILE_PREFIX_HEADER = YES;
				GCC_PREFIX_HEADER = "AppGravadorPlayer/AppGravadorPlayer-Prefix.pch";
				INFOPLIST_FILE = "AppGravadorPlayer/AppGravadorPlayer-Info.plist";
				PRODUCT_NAME = "$(TARGET_NAME)";
				WRAPPER_EXTENSION = app;
			};
			name = Debug;
		};
		57E29F6019ABEDAE008FD220 /* Release */ = {
			isa = XCBuildConfiguration;
			buildSettings = {
				ASSETCATALOG_COMPILER_APPICON_NAME = AppIcon;
				ASSETCATALOG_COMPILER_LAUNCHIMAGE_NAME = LaunchImage;
				GCC_PRECOMPILE_PREFIX_HEADER = YES;
				GCC_PREFIX_HEADER = "AppGravadorPlayer/AppGravadorPlayer-Prefix.pch";
				INFOPLIST_FILE = "AppGravadorPlayer/AppGravadorPlayer-Info.plist";
				PRODUCT_NAME = "$(TARGET_NAME)";
				WRAPPER_EXTENSION = app;
			};
			name = Release;
		};
		57E29F6219ABEDAE008FD220 /* Debug */ = {
			isa = XCBuildConfiguration;
			buildSettings = {
				BUNDLE_LOADER = "$(BUILT_PRODUCTS_DIR)/AppGravadorPlayer.app/AppGravadorPlayer";
				FRAMEWORK_SEARCH_PATHS = (
					"$(SDKROOT)/Developer/Library/Frameworks",
					"$(inherited)",
					"$(DEVELOPER_FRAMEWORKS_DIR)",
				);
				GCC_PRECOMPILE_PREFIX_HEADER = YES;
				GCC_PREFIX_HEADER = "AppGravadorPlayer/AppGravadorPlayer-Prefix.pch";
				GCC_PREPROCESSOR_DEFINITIONS = (
					"DEBUG=1",
					"$(inherited)",
				);
				INFOPLIST_FILE = "AppGravadorPlayerTests/AppGravadorPlayerTests-Info.plist";
				PRODUCT_NAME = "$(TARGET_NAME)";
				TEST_HOST = "$(BUNDLE_LOADER)";
				WRAPPER_EXTENSION = xctest;
			};
			name = Debug;
		};
		57E29F6319ABEDAE008FD220 /* Release */ = {
			isa = XCBuildConfiguration;
			buildSettings = {
				BUNDLE_LOADER = "$(BUILT_PRODUCTS_DIR)/AppGravadorPlayer.app/AppGravadorPlayer";
				FRAMEWORK_SEARCH_PATHS = (
					"$(SDKROOT)/Developer/Library/Frameworks",
					"$(inherited)",
					"$(DEVELOPER_FRAMEWORKS_DIR)",
				);
				GCC_PRECOMPILE_PREFIX_HEADER = YES;
				GCC_PREFIX_HEADER = "AppGravadorPlayer/AppGravadorPlayer-Prefix.pch";
				INFOPLIST_FILE = "AppGravadorPlayerTests/AppGravadorPlayerTests-Info.plist";
				PRODUCT_NAME = "$(TARGET_NAME)";
				TEST_HOST = "$(BUNDLE_LOADER)";
				WRAPPER_EXTENSION = xctest;
			};
			name = Release;
		};
/* End XCBuildConfiguration section */

/* Begin XCConfigurationList section */
		57E29F2719ABEDAE008FD220 /* Build configuration list for PBXProject "AppGravadorPlayer" */ = {
			isa = XCConfigurationList;
			buildConfigurations = (
				57E29F5C19ABEDAE008FD220 /* Debug */,
				57E29F5D19ABEDAE008FD220 /* Release */,
			);
			defaultConfigurationIsVisible = 0;
			defaultConfigurationName = Release;
		};
		57E29F5E19ABEDAE008FD220 /* Build configuration list for PBXNativeTarget "AppGravadorPlayer" */ = {
			isa = XCConfigurationList;
			buildConfigurations = (
				57E29F5F19ABEDAE008FD220 /* Debug */,
				57E29F6019ABEDAE008FD220 /* Release */,
			);
			defaultConfigurationIsVisible = 0;
		};
		57E29F6119ABEDAE008FD220 /* Build configuration list for PBXNativeTarget "AppGravadorPlayerTests" */ = {
			isa = XCConfigurationList;
			buildConfigurations = (
				57E29F6219ABEDAE008FD220 /* Debug */,
				57E29F6319ABEDAE008FD220 /* Release */,
			);
			defaultConfigurationIsVisible = 0;
		};
/* End XCConfigurationList section */
	};
	rootObject = 57E29F2419ABEDAE008FD220 /* Project object */;
}
